// !$*UTF8*$!
{
	archiveVersion = 1;
	classes = {
	};
	objectVersion = 56;
	objects = {

/* Begin PBXBuildFile section */
		222838692CE937A400DCF847 /* EventHubApp.swift in Sources */ = {isa = PBXBuildFile; fileRef = 222838682CE937A400DCF847 /* EventHubApp.swift */; };
		2228386B2CE937A400DCF847 /* ContentView.swift in Sources */ = {isa = PBXBuildFile; fileRef = 2228386A2CE937A400DCF847 /* ContentView.swift */; };
		2228386D2CE937A700DCF847 /* Assets.xcassets in Resources */ = {isa = PBXBuildFile; fileRef = 2228386C2CE937A700DCF847 /* Assets.xcassets */; };
		222838702CE937A700DCF847 /* Preview Assets.xcassets in Resources */ = {isa = PBXBuildFile; fileRef = 2228386F2CE937A700DCF847 /* Preview Assets.xcassets */; };
		E1B529C82CEB2385001AA8E0 /* TabBarView.swift in Sources */ = {isa = PBXBuildFile; fileRef = E1B529C72CEB2385001AA8E0 /* TabBarView.swift */; };
		E1B529CA2CEB2ADF001AA8E0 /* TabBarViewModel.swift in Sources */ = {isa = PBXBuildFile; fileRef = E1B529C92CEB2ADF001AA8E0 /* TabBarViewModel.swift */; };
		E1B529CC2CEB2FBB001AA8E0 /* TabItem.swift in Sources */ = {isa = PBXBuildFile; fileRef = E1B529CB2CEB2FBB001AA8E0 /* TabItem.swift */; };
		E1B529CF2CEB3EFF001AA8E0 /* ToolBar.swift in Sources */ = {isa = PBXBuildFile; fileRef = E1B529CE2CEB3EFF001AA8E0 /* ToolBar.swift */; };
		E1B529D22CEB41C2001AA8E0 /* TabBarContentView.swift in Sources */ = {isa = PBXBuildFile; fileRef = E1B529D12CEB41C2001AA8E0 /* TabBarContentView.swift */; };
/* End PBXBuildFile section */

/* Begin PBXFileReference section */
		222838652CE937A400DCF847 /* EventHub.app */ = {isa = PBXFileReference; explicitFileType = wrapper.application; includeInIndex = 0; path = EventHub.app; sourceTree = BUILT_PRODUCTS_DIR; };
		222838682CE937A400DCF847 /* EventHubApp.swift */ = {isa = PBXFileReference; lastKnownFileType = sourcecode.swift; path = EventHubApp.swift; sourceTree = "<group>"; };
		2228386A2CE937A400DCF847 /* ContentView.swift */ = {isa = PBXFileReference; lastKnownFileType = sourcecode.swift; path = ContentView.swift; sourceTree = "<group>"; };
		2228386C2CE937A700DCF847 /* Assets.xcassets */ = {isa = PBXFileReference; lastKnownFileType = folder.assetcatalog; path = Assets.xcassets; sourceTree = "<group>"; };
		2228386F2CE937A700DCF847 /* Preview Assets.xcassets */ = {isa = PBXFileReference; lastKnownFileType = folder.assetcatalog; path = "Preview Assets.xcassets"; sourceTree = "<group>"; };
		E1B529C72CEB2385001AA8E0 /* TabBarView.swift */ = {isa = PBXFileReference; lastKnownFileType = sourcecode.swift; path = TabBarView.swift; sourceTree = "<group>"; };
		E1B529C92CEB2ADF001AA8E0 /* TabBarViewModel.swift */ = {isa = PBXFileReference; lastKnownFileType = sourcecode.swift; path = TabBarViewModel.swift; sourceTree = "<group>"; };
		E1B529CB2CEB2FBB001AA8E0 /* TabItem.swift */ = {isa = PBXFileReference; lastKnownFileType = sourcecode.swift; path = TabItem.swift; sourceTree = "<group>"; };
		E1B529CE2CEB3EFF001AA8E0 /* ToolBar.swift */ = {isa = PBXFileReference; lastKnownFileType = sourcecode.swift; path = ToolBar.swift; sourceTree = "<group>"; };
		E1B529D12CEB41C2001AA8E0 /* TabBarContentView.swift */ = {isa = PBXFileReference; lastKnownFileType = sourcecode.swift; path = TabBarContentView.swift; sourceTree = "<group>"; };
/* End PBXFileReference section */

/* Begin PBXFrameworksBuildPhase section */
		222838622CE937A400DCF847 /* Frameworks */ = {
			isa = PBXFrameworksBuildPhase;
			buildActionMask = 2147483647;
			files = (
			);
			runOnlyForDeploymentPostprocessing = 0;
		};
/* End PBXFrameworksBuildPhase section */

/* Begin PBXGroup section */
		2228385C2CE937A400DCF847 = {
			isa = PBXGroup;
			children = (
				222838672CE937A400DCF847 /* EventHub */,
				222838662CE937A400DCF847 /* Products */,
			);
			sourceTree = "<group>";
		};
		222838662CE937A400DCF847 /* Products */ = {
			isa = PBXGroup;
			children = (
				222838652CE937A400DCF847 /* EventHub.app */,
			);
			name = Products;
			sourceTree = "<group>";
		};
		222838672CE937A400DCF847 /* EventHub */ = {
			isa = PBXGroup;
			children = (
				222838682CE937A400DCF847 /* EventHubApp.swift */,
				2228386A2CE937A400DCF847 /* ContentView.swift */,
				E1B529D02CEB3F12001AA8E0 /* Components */,
				2228386C2CE937A700DCF847 /* Assets.xcassets */,
				2228386E2CE937A700DCF847 /* Preview Content */,
			);
			path = EventHub;
			sourceTree = "<group>";
		};
		2228386E2CE937A700DCF847 /* Preview Content */ = {
			isa = PBXGroup;
			children = (
				2228386F2CE937A700DCF847 /* Preview Assets.xcassets */,
			);
			path = "Preview Content";
			sourceTree = "<group>";
		};
		E1B529C62CEB2313001AA8E0 /* TabBar */ = {
			isa = PBXGroup;
			children = (
				E1B529C72CEB2385001AA8E0 /* TabBarView.swift */,
				E1B529C92CEB2ADF001AA8E0 /* TabBarViewModel.swift */,
				E1B529CB2CEB2FBB001AA8E0 /* TabItem.swift */,
				E1B529D12CEB41C2001AA8E0 /* TabBarContentView.swift */,
			);
			path = TabBar;
			sourceTree = "<group>";
		};
		E1B529CD2CEB3EE6001AA8E0 /* ToolBar */ = {
			isa = PBXGroup;
			children = (
				E1B529CE2CEB3EFF001AA8E0 /* ToolBar.swift */,
			);
			path = ToolBar;
			sourceTree = "<group>";
		};
		E1B529D02CEB3F12001AA8E0 /* Components */ = {
			isa = PBXGroup;
			children = (
				E1B529CD2CEB3EE6001AA8E0 /* ToolBar */,
				E1B529C62CEB2313001AA8E0 /* TabBar */,
			);
			path = Components;
			sourceTree = "<group>";
		};
/* End PBXGroup section */

/* Begin PBXNativeTarget section */
		222838642CE937A400DCF847 /* EventHub */ = {
			isa = PBXNativeTarget;
			buildConfigurationList = 222838732CE937A700DCF847 /* Build configuration list for PBXNativeTarget "EventHub" */;
			buildPhases = (
				222838612CE937A400DCF847 /* Sources */,
				222838622CE937A400DCF847 /* Frameworks */,
				222838632CE937A400DCF847 /* Resources */,
			);
			buildRules = (
			);
			dependencies = (
			);
			name = EventHub;
			productName = EventHub;
			productReference = 222838652CE937A400DCF847 /* EventHub.app */;
			productType = "com.apple.product-type.application";
		};
/* End PBXNativeTarget section */

/* Begin PBXProject section */
		2228385D2CE937A400DCF847 /* Project object */ = {
			isa = PBXProject;
			attributes = {
				BuildIndependentTargetsInParallel = 1;
				LastSwiftUpdateCheck = 1540;
				LastUpgradeCheck = 1540;
				TargetAttributes = {
					222838642CE937A400DCF847 = {
						CreatedOnToolsVersion = 15.4;
					};
				};
			};
			buildConfigurationList = 222838602CE937A400DCF847 /* Build configuration list for PBXProject "EventHub" */;
			compatibilityVersion = "Xcode 14.0";
			developmentRegion = en;
			hasScannedForEncodings = 0;
			knownRegions = (
				en,
				Base,
			);
			mainGroup = 2228385C2CE937A400DCF847;
			productRefGroup = 222838662CE937A400DCF847 /* Products */;
			projectDirPath = "";
			projectRoot = "";
			targets = (
				222838642CE937A400DCF847 /* EventHub */,
			);
		};
/* End PBXProject section */

/* Begin PBXResourcesBuildPhase section */
		222838632CE937A400DCF847 /* Resources */ = {
			isa = PBXResourcesBuildPhase;
			buildActionMask = 2147483647;
			files = (
				222838702CE937A700DCF847 /* Preview Assets.xcassets in Resources */,
				2228386D2CE937A700DCF847 /* Assets.xcassets in Resources */,
			);
			runOnlyForDeploymentPostprocessing = 0;
		};
/* End PBXResourcesBuildPhase section */

/* Begin PBXSourcesBuildPhase section */
		222838612CE937A400DCF847 /* Sources */ = {
			isa = PBXSourcesBuildPhase;
			buildActionMask = 2147483647;
			files = (
				E1B529CA2CEB2ADF001AA8E0 /* TabBarViewModel.swift in Sources */,
				2228386B2CE937A400DCF847 /* ContentView.swift in Sources */,
				E1B529C82CEB2385001AA8E0 /* TabBarView.swift in Sources */,
				E1B529CF2CEB3EFF001AA8E0 /* ToolBar.swift in Sources */,
				222838692CE937A400DCF847 /* EventHubApp.swift in Sources */,
				E1B529CC2CEB2FBB001AA8E0 /* TabItem.swift in Sources */,
				E1B529D22CEB41C2001AA8E0 /* TabBarContentView.swift in Sources */,
			);
			runOnlyForDeploymentPostprocessing = 0;
		};
/* End PBXSourcesBuildPhase section */

/* Begin XCBuildConfiguration section */
		222838712CE937A700DCF847 /* Debug */ = {
			isa = XCBuildConfiguration;
			buildSettings = {
				ALWAYS_SEARCH_USER_PATHS = NO;
				ASSETCATALOG_COMPILER_GENERATE_SWIFT_ASSET_SYMBOL_EXTENSIONS = YES;
				CLANG_ANALYZER_NONNULL = YES;
				CLANG_ANALYZER_NUMBER_OBJECT_CONVERSION = YES_AGGRESSIVE;
				CLANG_CXX_LANGUAGE_STANDARD = "gnu++20";
				CLANG_ENABLE_MODULES = YES;
				CLANG_ENABLE_OBJC_ARC = YES;
				CLANG_ENABLE_OBJC_WEAK = YES;
				CLANG_WARN_BLOCK_CAPTURE_AUTORELEASING = YES;
				CLANG_WARN_BOOL_CONVERSION = YES;
				CLANG_WARN_COMMA = YES;
				CLANG_WARN_CONSTANT_CONVERSION = YES;
				CLANG_WARN_DEPRECATED_OBJC_IMPLEMENTATIONS = YES;
				CLANG_WARN_DIRECT_OBJC_ISA_USAGE = YES_ERROR;
				CLANG_WARN_DOCUMENTATION_COMMENTS = YES;
				CLANG_WARN_EMPTY_BODY = YES;
				CLANG_WARN_ENUM_CONVERSION = YES;
				CLANG_WARN_INFINITE_RECURSION = YES;
				CLANG_WARN_INT_CONVERSION = YES;
				CLANG_WARN_NON_LITERAL_NULL_CONVERSION = YES;
				CLANG_WARN_OBJC_IMPLICIT_RETAIN_SELF = YES;
				CLANG_WARN_OBJC_LITERAL_CONVERSION = YES;
				CLANG_WARN_OBJC_ROOT_CLASS = YES_ERROR;
				CLANG_WARN_QUOTED_INCLUDE_IN_FRAMEWORK_HEADER = YES;
				CLANG_WARN_RANGE_LOOP_ANALYSIS = YES;
				CLANG_WARN_STRICT_PROTOTYPES = YES;
				CLANG_WARN_SUSPICIOUS_MOVE = YES;
				CLANG_WARN_UNGUARDED_AVAILABILITY = YES_AGGRESSIVE;
				CLANG_WARN_UNREACHABLE_CODE = YES;
				CLANG_WARN__DUPLICATE_METHOD_MATCH = YES;
				COPY_PHASE_STRIP = NO;
				DEBUG_INFORMATION_FORMAT = dwarf;
				ENABLE_STRICT_OBJC_MSGSEND = YES;
				ENABLE_TESTABILITY = YES;
				ENABLE_USER_SCRIPT_SANDBOXING = YES;
				GCC_C_LANGUAGE_STANDARD = gnu17;
				GCC_DYNAMIC_NO_PIC = NO;
				GCC_NO_COMMON_BLOCKS = YES;
				GCC_OPTIMIZATION_LEVEL = 0;
				GCC_PREPROCESSOR_DEFINITIONS = (
					"DEBUG=1",
					"$(inherited)",
				);
				GCC_WARN_64_TO_32_BIT_CONVERSION = YES;
				GCC_WARN_ABOUT_RETURN_TYPE = YES_ERROR;
				GCC_WARN_UNDECLARED_SELECTOR = YES;
				GCC_WARN_UNINITIALIZED_AUTOS = YES_AGGRESSIVE;
				GCC_WARN_UNUSED_FUNCTION = YES;
				GCC_WARN_UNUSED_VARIABLE = YES;
				IPHONEOS_DEPLOYMENT_TARGET = 17.5;
				LOCALIZATION_PREFERS_STRING_CATALOGS = YES;
				MTL_ENABLE_DEBUG_INFO = INCLUDE_SOURCE;
				MTL_FAST_MATH = YES;
				ONLY_ACTIVE_ARCH = YES;
				SDKROOT = iphoneos;
				SWIFT_ACTIVE_COMPILATION_CONDITIONS = "DEBUG $(inherited)";
				SWIFT_OPTIMIZATION_LEVEL = "-Onone";
			};
			name = Debug;
		};
		222838722CE937A700DCF847 /* Release */ = {
			isa = XCBuildConfiguration;
			buildSettings = {
				ALWAYS_SEARCH_USER_PATHS = NO;
				ASSETCATALOG_COMPILER_GENERATE_SWIFT_ASSET_SYMBOL_EXTENSIONS = YES;
				CLANG_ANALYZER_NONNULL = YES;
				CLANG_ANALYZER_NUMBER_OBJECT_CONVERSION = YES_AGGRESSIVE;
				CLANG_CXX_LANGUAGE_STANDARD = "gnu++20";
				CLANG_ENABLE_MODULES = YES;
				CLANG_ENABLE_OBJC_ARC = YES;
				CLANG_ENABLE_OBJC_WEAK = YES;
				CLANG_WARN_BLOCK_CAPTURE_AUTORELEASING = YES;
				CLANG_WARN_BOOL_CONVERSION = YES;
				CLANG_WARN_COMMA = YES;
				CLANG_WARN_CONSTANT_CONVERSION = YES;
				CLANG_WARN_DEPRECATED_OBJC_IMPLEMENTATIONS = YES;
				CLANG_WARN_DIRECT_OBJC_ISA_USAGE = YES_ERROR;
				CLANG_WARN_DOCUMENTATION_COMMENTS = YES;
				CLANG_WARN_EMPTY_BODY = YES;
				CLANG_WARN_ENUM_CONVERSION = YES;
				CLANG_WARN_INFINITE_RECURSION = YES;
				CLANG_WARN_INT_CONVERSION = YES;
				CLANG_WARN_NON_LITERAL_NULL_CONVERSION = YES;
				CLANG_WARN_OBJC_IMPLICIT_RETAIN_SELF = YES;
				CLANG_WARN_OBJC_LITERAL_CONVERSION = YES;
				CLANG_WARN_OBJC_ROOT_CLASS = YES_ERROR;
				CLANG_WARN_QUOTED_INCLUDE_IN_FRAMEWORK_HEADER = YES;
				CLANG_WARN_RANGE_LOOP_ANALYSIS = YES;
				CLANG_WARN_STRICT_PROTOTYPES = YES;
				CLANG_WARN_SUSPICIOUS_MOVE = YES;
				CLANG_WARN_UNGUARDED_AVAILABILITY = YES_AGGRESSIVE;
				CLANG_WARN_UNREACHABLE_CODE = YES;
				CLANG_WARN__DUPLICATE_METHOD_MATCH = YES;
				COPY_PHASE_STRIP = NO;
				DEBUG_INFORMATION_FORMAT = "dwarf-with-dsym";
				ENABLE_NS_ASSERTIONS = NO;
				ENABLE_STRICT_OBJC_MSGSEND = YES;
				ENABLE_USER_SCRIPT_SANDBOXING = YES;
				GCC_C_LANGUAGE_STANDARD = gnu17;
				GCC_NO_COMMON_BLOCKS = YES;
				GCC_WARN_64_TO_32_BIT_CONVERSION = YES;
				GCC_WARN_ABOUT_RETURN_TYPE = YES_ERROR;
				GCC_WARN_UNDECLARED_SELECTOR = YES;
				GCC_WARN_UNINITIALIZED_AUTOS = YES_AGGRESSIVE;
				GCC_WARN_UNUSED_FUNCTION = YES;
				GCC_WARN_UNUSED_VARIABLE = YES;
				IPHONEOS_DEPLOYMENT_TARGET = 17.5;
				LOCALIZATION_PREFERS_STRING_CATALOGS = YES;
				MTL_ENABLE_DEBUG_INFO = NO;
				MTL_FAST_MATH = YES;
				SDKROOT = iphoneos;
				SWIFT_COMPILATION_MODE = wholemodule;
				VALIDATE_PRODUCT = YES;
			};
			name = Release;
		};
		222838742CE937A700DCF847 /* Debug */ = {
			isa = XCBuildConfiguration;
			buildSettings = {
				ASSETCATALOG_COMPILER_APPICON_NAME = AppIcon;
				ASSETCATALOG_COMPILER_GLOBAL_ACCENT_COLOR_NAME = AccentColor;
				CODE_SIGN_STYLE = Automatic;
				CURRENT_PROJECT_VERSION = 1;
				DEVELOPMENT_ASSET_PATHS = "\"EventHub/Preview Content\"";
				DEVELOPMENT_TEAM = 689Q9C7S84;
				ENABLE_PREVIEWS = YES;
				GENERATE_INFOPLIST_FILE = YES;
				INFOPLIST_KEY_UIApplicationSceneManifest_Generation = YES;
				INFOPLIST_KEY_UIApplicationSupportsIndirectInputEvents = YES;
				INFOPLIST_KEY_UILaunchScreen_Generation = YES;
				INFOPLIST_KEY_UISupportedInterfaceOrientations = UIInterfaceOrientationPortrait;
				INFOPLIST_KEY_UISupportedInterfaceOrientations_iPad = "UIInterfaceOrientationLandscapeLeft UIInterfaceOrientationLandscapeRight UIInterfaceOrientationPortrait UIInterfaceOrientationPortraitUpsideDown";
				IPHONEOS_DEPLOYMENT_TARGET = 15.6;
				LD_RUNPATH_SEARCH_PATHS = (
					"$(inherited)",
					"@executable_path/Frameworks",
				);
				MARKETING_VERSION = 1.0;
				PRODUCT_BUNDLE_IDENTIFIER = gdr.EventHub;
				PRODUCT_NAME = "$(TARGET_NAME)";
				SUPPORTED_PLATFORMS = "iphoneos iphonesimulator";
				SUPPORTS_MACCATALYST = NO;
				SUPPORTS_MAC_DESIGNED_FOR_IPHONE_IPAD = NO;
				SUPPORTS_XR_DESIGNED_FOR_IPHONE_IPAD = NO;
				SWIFT_EMIT_LOC_STRINGS = YES;
				SWIFT_VERSION = 5.0;
				TARGETED_DEVICE_FAMILY = 1;
			};
			name = Debug;
		};
		222838752CE937A700DCF847 /* Release */ = {
			isa = XCBuildConfiguration;
			buildSettings = {
				ASSETCATALOG_COMPILER_APPICON_NAME = AppIcon;
				ASSETCATALOG_COMPILER_GLOBAL_ACCENT_COLOR_NAME = AccentColor;
				CODE_SIGN_STYLE = Automatic;
				CURRENT_PROJECT_VERSION = 1;
				DEVELOPMENT_ASSET_PATHS = "\"EventHub/Preview Content\"";
				DEVELOPMENT_TEAM = 689Q9C7S84;
				ENABLE_PREVIEWS = YES;
				GENERATE_INFOPLIST_FILE = YES;
				INFOPLIST_KEY_UIApplicationSceneManifest_Generation = YES;
				INFOPLIST_KEY_UIApplicationSupportsIndirectInputEvents = YES;
				INFOPLIST_KEY_UILaunchScreen_Generation = YES;
				INFOPLIST_KEY_UISupportedInterfaceOrientations = UIInterfaceOrientationPortrait;
				INFOPLIST_KEY_UISupportedInterfaceOrientations_iPad = "UIInterfaceOrientationLandscapeLeft UIInterfaceOrientationLandscapeRight UIInterfaceOrientationPortrait UIInterfaceOrientationPortraitUpsideDown";
				IPHONEOS_DEPLOYMENT_TARGET = 15.6;
				LD_RUNPATH_SEARCH_PATHS = (
					"$(inherited)",
					"@executable_path/Frameworks",
				);
				MARKETING_VERSION = 1.0;
				PRODUCT_BUNDLE_IDENTIFIER = gdr.EventHub;
				PRODUCT_NAME = "$(TARGET_NAME)";
				SUPPORTED_PLATFORMS = "iphoneos iphonesimulator";
				SUPPORTS_MACCATALYST = NO;
				SUPPORTS_MAC_DESIGNED_FOR_IPHONE_IPAD = NO;
				SUPPORTS_XR_DESIGNED_FOR_IPHONE_IPAD = NO;
				SWIFT_EMIT_LOC_STRINGS = YES;
				SWIFT_VERSION = 5.0;
				TARGETED_DEVICE_FAMILY = 1;
			};
			name = Release;
		};
/* End XCBuildConfiguration section */

/* Begin XCConfigurationList section */
		222838602CE937A400DCF847 /* Build configuration list for PBXProject "EventHub" */ = {
			isa = XCConfigurationList;
			buildConfigurations = (
				222838712CE937A700DCF847 /* Debug */,
				222838722CE937A700DCF847 /* Release */,
			);
			defaultConfigurationIsVisible = 0;
			defaultConfigurationName = Release;
		};
		222838732CE937A700DCF847 /* Build configuration list for PBXNativeTarget "EventHub" */ = {
			isa = XCConfigurationList;
			buildConfigurations = (
				222838742CE937A700DCF847 /* Debug */,
				222838752CE937A700DCF847 /* Release */,
			);
			defaultConfigurationIsVisible = 0;
			defaultConfigurationName = Release;
		};
/* End XCConfigurationList section */
	};
	rootObject = 2228385D2CE937A400DCF847 /* Project object */;
}
