// !$*UTF8*$!
{
	archiveVersion = 1;
	classes = {
	};
	objectVersion = 56;
	objects = {

/* Begin PBXBuildFile section */
		1B7EAD0C2CEBC16C00D2AB3D /* Swinject in Frameworks */ = {isa = PBXBuildFile; productRef = 1B7EAD0B2CEBC16C00D2AB3D /* Swinject */; };
		1B7EAD0F2CEBC19900D2AB3D /* DI.swift in Sources */ = {isa = PBXBuildFile; fileRef = 1B7EAD0E2CEBC19900D2AB3D /* DI.swift */; };
		1B7EAD122CEBC1FF00D2AB3D /* OnboardingView.swift in Sources */ = {isa = PBXBuildFile; fileRef = 1B7EAD112CEBC1FF00D2AB3D /* OnboardingView.swift */; };
		1B7EAD152CEBC24E00D2AB3D /* SignInView.swift in Sources */ = {isa = PBXBuildFile; fileRef = 1B7EAD142CEBC24E00D2AB3D /* SignInView.swift */; };
		1B7EAD172CEBC25C00D2AB3D /* SignUpView.swift in Sources */ = {isa = PBXBuildFile; fileRef = 1B7EAD162CEBC25C00D2AB3D /* SignUpView.swift */; };
		1B7EAD1B2CEBC28B00D2AB3D /* SignUpViewModel.swift in Sources */ = {isa = PBXBuildFile; fileRef = 1B7EAD1A2CEBC28B00D2AB3D /* SignUpViewModel.swift */; };
		1B7EAD1D2CEBC29800D2AB3D /* SignInViewModel.swift in Sources */ = {isa = PBXBuildFile; fileRef = 1B7EAD1C2CEBC29800D2AB3D /* SignInViewModel.swift */; };
		1B7EAD222CEBC2D800D2AB3D /* ExploreView.swift in Sources */ = {isa = PBXBuildFile; fileRef = 1B7EAD212CEBC2D800D2AB3D /* ExploreView.swift */; };
		1B7EAD282CEBC34F00D2AB3D /* EventsView.swift in Sources */ = {isa = PBXBuildFile; fileRef = 1B7EAD272CEBC34F00D2AB3D /* EventsView.swift */; };
		1B7EAD2A2CEBC35B00D2AB3D /* EventsViewModel.swift in Sources */ = {isa = PBXBuildFile; fileRef = 1B7EAD292CEBC35B00D2AB3D /* EventsViewModel.swift */; };
		1B7EAD2D2CEBC38200D2AB3D /* ProfileView.swift in Sources */ = {isa = PBXBuildFile; fileRef = 1B7EAD2C2CEBC38200D2AB3D /* ProfileView.swift */; };
		1B7EAD2F2CEBC38C00D2AB3D /* ProfileViewModel.swift in Sources */ = {isa = PBXBuildFile; fileRef = 1B7EAD2E2CEBC38C00D2AB3D /* ProfileViewModel.swift */; };
		1B7EAD322CEBC3A400D2AB3D /* MapView.swift in Sources */ = {isa = PBXBuildFile; fileRef = 1B7EAD312CEBC3A400D2AB3D /* MapView.swift */; };
		1B7EAD342CEBC3AF00D2AB3D /* MapViewModel.swift in Sources */ = {isa = PBXBuildFile; fileRef = 1B7EAD332CEBC3AF00D2AB3D /* MapViewModel.swift */; };
		1B7EAD372CEBC3CF00D2AB3D /* BookmarksView.swift in Sources */ = {isa = PBXBuildFile; fileRef = 1B7EAD362CEBC3CF00D2AB3D /* BookmarksView.swift */; };
		1B7EAD392CEBC3D900D2AB3D /* BookmarksViewModel.swift in Sources */ = {isa = PBXBuildFile; fileRef = 1B7EAD382CEBC3D900D2AB3D /* BookmarksViewModel.swift */; };
		1B7EAD3B2CEBD14D00D2AB3D /* OnboardingViewModel.swift in Sources */ = {isa = PBXBuildFile; fileRef = 1B7EAD3A2CEBD14D00D2AB3D /* OnboardingViewModel.swift */; };
		1BB6A3D52CEFA36F0069A17D /* Router.swift in Sources */ = {isa = PBXBuildFile; fileRef = 1BB6A3D42CEFA36F0069A17D /* Router.swift */; };
		1BB6A3D72CEFA51C0069A17D /* TabBarView.swift in Sources */ = {isa = PBXBuildFile; fileRef = 1BB6A3D62CEFA51C0069A17D /* TabBarView.swift */; };
		1BB6A3D92CEFA79A0069A17D /* TabCoordinator.swift in Sources */ = {isa = PBXBuildFile; fileRef = 1BB6A3D82CEFA79A0069A17D /* TabCoordinator.swift */; };
		1BB6A3DC2CEFAD7D0069A17D /* MainScreenFactory.swift in Sources */ = {isa = PBXBuildFile; fileRef = 1BB6A3DB2CEFAD7D0069A17D /* MainScreenFactory.swift */; };
		1BB6A3DE2CEFB0AD0069A17D /* Coordinator.swift in Sources */ = {isa = PBXBuildFile; fileRef = 1BB6A3DD2CEFB0AD0069A17D /* Coordinator.swift */; };
		1BB6A3E02CEFB0C90069A17D /* LaunchCoordinator.swift in Sources */ = {isa = PBXBuildFile; fileRef = 1BB6A3DF2CEFB0C90069A17D /* LaunchCoordinator.swift */; };
		1BB6A3E32CEFD79E0069A17D /* TabBarViewModel.swift in Sources */ = {isa = PBXBuildFile; fileRef = 1BB6A3E22CEFD79E0069A17D /* TabBarViewModel.swift */; };
		222838692CE937A400DCF847 /* EventHubApp.swift in Sources */ = {isa = PBXBuildFile; fileRef = 222838682CE937A400DCF847 /* EventHubApp.swift */; };
		2228386B2CE937A400DCF847 /* MaintView.swift in Sources */ = {isa = PBXBuildFile; fileRef = 2228386A2CE937A400DCF847 /* MaintView.swift */; };
		2228386D2CE937A700DCF847 /* Assets.xcassets in Resources */ = {isa = PBXBuildFile; fileRef = 2228386C2CE937A700DCF847 /* Assets.xcassets */; };
		222838702CE937A700DCF847 /* Preview Assets.xcassets in Resources */ = {isa = PBXBuildFile; fileRef = 2228386F2CE937A700DCF847 /* Preview Assets.xcassets */; };
		22FE3C2A2CF28E4B00FAEACF /* TextOnlyButton.swift in Sources */ = {isa = PBXBuildFile; fileRef = 22FE3C292CF28E4B00FAEACF /* TextOnlyButton.swift */; };
		4806818B2CF20BFC001A2D9A /* Swinject in Frameworks */ = {isa = PBXBuildFile; productRef = 4806818A2CF20BFC001A2D9A /* Swinject */; };
		4806818E2CF20C28001A2D9A /* Kingfisher in Frameworks */ = {isa = PBXBuildFile; productRef = 4806818D2CF20C28001A2D9A /* Kingfisher */; };
		4831BA452CEB28DC00141C9A /* AirbnbCereal_W_Md.otf in Resources */ = {isa = PBXBuildFile; fileRef = 4831BA422CEB28DC00141C9A /* AirbnbCereal_W_Md.otf */; };
		4831BA462CEB28DC00141C9A /* AirbnbCereal_W_Bd.otf in Resources */ = {isa = PBXBuildFile; fileRef = 4831BA3E2CEB28DC00141C9A /* AirbnbCereal_W_Bd.otf */; };
		4831BA492CEB28DC00141C9A /* AirbnbCereal_W_Bk.otf in Resources */ = {isa = PBXBuildFile; fileRef = 4831BA3F2CEB28DC00141C9A /* AirbnbCereal_W_Bk.otf */; };
		4831BA4E2CEB2F4B00141C9A /* View+Ex.swift in Sources */ = {isa = PBXBuildFile; fileRef = 4831BA4D2CEB2F4B00141C9A /* View+Ex.swift */; };
		6C75B38B2CEF8D260086A03D /* FontManager.swift in Sources */ = {isa = PBXBuildFile; fileRef = 4831BA4A2CEB2F1400141C9A /* FontManager.swift */; };
		6C75B38C2CEF8D2B0086A03D /* FontModifier.swift in Sources */ = {isa = PBXBuildFile; fileRef = 4831BA502CEB2F9500141C9A /* FontModifier.swift */; };
		E10ED0042CF0DE6B00AFDBC2 /* OnboardingItem.swift in Sources */ = {isa = PBXBuildFile; fileRef = E10ED0012CF0DE6B00AFDBC2 /* OnboardingItem.swift */; };
		E10ED0052CF0DE6B00AFDBC2 /* OnboardingPageView.swift in Sources */ = {isa = PBXBuildFile; fileRef = E10ED0022CF0DE6B00AFDBC2 /* OnboardingPageView.swift */; };
		E10ED0062CF0DE6B00AFDBC2 /* OnboardingTabView.swift in Sources */ = {isa = PBXBuildFile; fileRef = E10ED0032CF0DE6B00AFDBC2 /* OnboardingTabView.swift */; };
		E10ED0072CF0DE6B00AFDBC2 /* OnboardingControlsView.swift in Sources */ = {isa = PBXBuildFile; fileRef = E10ED0002CF0DE6B00AFDBC2 /* OnboardingControlsView.swift */; };
		E10ED00A2CF0E00200AFDBC2 /* EventDTO.swift in Sources */ = {isa = PBXBuildFile; fileRef = E10ED0082CF0E00200AFDBC2 /* EventDTO.swift */; };
		E10ED00C2CF0E25500AFDBC2 /* RoundedCorner.swift in Sources */ = {isa = PBXBuildFile; fileRef = E10ED00B2CF0E25500AFDBC2 /* RoundedCorner.swift */; };
		E10ED0162CF0E29600AFDBC2 /* EventAPIService.swift in Sources */ = {isa = PBXBuildFile; fileRef = E10ED0132CF0E29600AFDBC2 /* EventAPIService.swift */; };
		E10ED0172CF0E29600AFDBC2 /* APIService.swift in Sources */ = {isa = PBXBuildFile; fileRef = E10ED00E2CF0E29600AFDBC2 /* APIService.swift */; };
		E10ED0182CF0E29600AFDBC2 /* EventAPISpec.swift in Sources */ = {isa = PBXBuildFile; fileRef = E10ED00F2CF0E29600AFDBC2 /* EventAPISpec.swift */; };
		E10ED0192CF0E29600AFDBC2 /* APIClient.swift in Sources */ = {isa = PBXBuildFile; fileRef = E10ED00D2CF0E29600AFDBC2 /* APIClient.swift */; };
		E10ED01A2CF0E29600AFDBC2 /* NetworkError.swift in Sources */ = {isa = PBXBuildFile; fileRef = E10ED0102CF0E29600AFDBC2 /* NetworkError.swift */; };
		E10ED01B2CF0E29600AFDBC2 /* EventAPIProtocols.swift in Sources */ = {isa = PBXBuildFile; fileRef = E10ED0122CF0E29600AFDBC2 /* EventAPIProtocols.swift */; };
		E10ED01F2CF0E2F400AFDBC2 /* CategoryUIModel.swift in Sources */ = {isa = PBXBuildFile; fileRef = E10ED01C2CF0E2F400AFDBC2 /* CategoryUIModel.swift */; };
		E10ED0202CF0E2F400AFDBC2 /* EventModel.swift in Sources */ = {isa = PBXBuildFile; fileRef = E10ED01D2CF0E2F400AFDBC2 /* EventModel.swift */; };
		E10ED0222CF0E32500AFDBC2 /* ExploreViewModel.swift in Sources */ = {isa = PBXBuildFile; fileRef = E10ED0212CF0E32500AFDBC2 /* ExploreViewModel.swift */; };
		E10ED03D2CF0E47F00AFDBC2 /* CategoryScroll.swift in Sources */ = {isa = PBXBuildFile; fileRef = E10ED02A2CF0E47F00AFDBC2 /* CategoryScroll.swift */; };
		E10ED03E2CF0E47F00AFDBC2 /* ThirdSmallEventCard.swift in Sources */ = {isa = PBXBuildFile; fileRef = E10ED03B2CF0E47F00AFDBC2 /* ThirdSmallEventCard.swift */; };
		E10ED03F2CF0E47F00AFDBC2 /* ShimmerView.swift in Sources */ = {isa = PBXBuildFile; fileRef = E10ED0322CF0E47F00AFDBC2 /* ShimmerView.swift */; };
		E10ED0402CF0E47F00AFDBC2 /* BackBarButtonView.swift in Sources */ = {isa = PBXBuildFile; fileRef = E10ED0252CF0E47F00AFDBC2 /* BackBarButtonView.swift */; };
		E10ED0412CF0E47F00AFDBC2 /* BlueCapsuleButtonWithArrow.swift in Sources */ = {isa = PBXBuildFile; fileRef = E10ED0282CF0E47F00AFDBC2 /* BlueCapsuleButtonWithArrow.swift */; };
		E10ED0422CF0E47F00AFDBC2 /* ToolBarAction.swift in Sources */ = {isa = PBXBuildFile; fileRef = E10ED0342CF0E47F00AFDBC2 /* ToolBarAction.swift */; };
		E10ED0442CF0E47F00AFDBC2 /* ScrollEventCardsView.swift in Sources */ = {isa = PBXBuildFile; fileRef = E10ED02F2CF0E47F00AFDBC2 /* ScrollEventCardsView.swift */; };
		E10ED0452CF0E47F00AFDBC2 /* FiltersButtonView.swift in Sources */ = {isa = PBXBuildFile; fileRef = E10ED02D2CF0E47F00AFDBC2 /* FiltersButtonView.swift */; };
		E10ED0462CF0E47F00AFDBC2 /* BlueButtonWithArrow.swift in Sources */ = {isa = PBXBuildFile; fileRef = E10ED0272CF0E47F00AFDBC2 /* BlueButtonWithArrow.swift */; };
		E10ED0472CF0E47F00AFDBC2 /* SecureTextField.swift in Sources */ = {isa = PBXBuildFile; fileRef = E10ED0312CF0E47F00AFDBC2 /* SecureTextField.swift */; };
		E10ED0482CF0E47F00AFDBC2 /* EventCardView.swift in Sources */ = {isa = PBXBuildFile; fileRef = E10ED02C2CF0E47F00AFDBC2 /* EventCardView.swift */; };
		E10ED04A2CF0E47F00AFDBC2 /* CategoryButtonView.swift in Sources */ = {isa = PBXBuildFile; fileRef = E10ED0292CF0E47F00AFDBC2 /* CategoryButtonView.swift */; };
		E10ED04B2CF0E47F00AFDBC2 /* ToolBarButtonView.swift in Sources */ = {isa = PBXBuildFile; fileRef = E10ED03C2CF0E47F00AFDBC2 /* ToolBarButtonView.swift */; };
		E10ED04C2CF0E47F00AFDBC2 /* AuthTextField.swift in Sources */ = {isa = PBXBuildFile; fileRef = E10ED0242CF0E47F00AFDBC2 /* AuthTextField.swift */; };
		E10ED04D2CF0E47F00AFDBC2 /* ActivityView.swift in Sources */ = {isa = PBXBuildFile; fileRef = E10ED0232CF0E47F00AFDBC2 /* ActivityView.swift */; };
		E10ED04E2CF0E47F00AFDBC2 /* ToolBarView.swift in Sources */ = {isa = PBXBuildFile; fileRef = E10ED0352CF0E47F00AFDBC2 /* ToolBarView.swift */; };
		E10ED04F2CF0E47F00AFDBC2 /* BackgroundWithEllipses.swift in Sources */ = {isa = PBXBuildFile; fileRef = E10ED0262CF0E47F00AFDBC2 /* BackgroundWithEllipses.swift */; };
		E10ED0502CF0E47F00AFDBC2 /* CustomToolbar.swift in Sources */ = {isa = PBXBuildFile; fileRef = E10ED02B2CF0E47F00AFDBC2 /* CustomToolbar.swift */; };
		E10ED0522CF0E47F00AFDBC2 /* SmallEventCard.swift in Sources */ = {isa = PBXBuildFile; fileRef = E10ED0332CF0E47F00AFDBC2 /* SmallEventCard.swift */; };
		E10ED0532CF0E47F00AFDBC2 /* SearchBarView.swift in Sources */ = {isa = PBXBuildFile; fileRef = E10ED0302CF0E47F00AFDBC2 /* SearchBarView.swift */; };
		E10ED0542CF0E47F00AFDBC2 /* MainCategorySectionView.swift in Sources */ = {isa = PBXBuildFile; fileRef = E10ED02E2CF0E47F00AFDBC2 /* MainCategorySectionView.swift */; };
		E10ED0622CF0E55300AFDBC2 /* Date+Ex.swift in Sources */ = {isa = PBXBuildFile; fileRef = E10ED0612CF0E55300AFDBC2 /* Date+Ex.swift */; };
		E14D572B2CF12272009949BC /* DetailViewModel.swift in Sources */ = {isa = PBXBuildFile; fileRef = E14D57292CF12272009949BC /* DetailViewModel.swift */; };
		E14D572C2CF12272009949BC /* DetailComponentView.swift in Sources */ = {isa = PBXBuildFile; fileRef = E14D57272CF12272009949BC /* DetailComponentView.swift */; };
		E14D572D2CF12272009949BC /* DetailView.swift in Sources */ = {isa = PBXBuildFile; fileRef = E14D57282CF12272009949BC /* DetailView.swift */; };
		E14D572F2CF1229A009949BC /* String+Ex.swift in Sources */ = {isa = PBXBuildFile; fileRef = E14D572E2CF1229A009949BC /* String+Ex.swift */; };
/* End PBXBuildFile section */

/* Begin PBXFileReference section */
		1B7EAD0E2CEBC19900D2AB3D /* DI.swift */ = {isa = PBXFileReference; lastKnownFileType = sourcecode.swift; path = DI.swift; sourceTree = "<group>"; };
		1B7EAD112CEBC1FF00D2AB3D /* OnboardingView.swift */ = {isa = PBXFileReference; lastKnownFileType = sourcecode.swift; path = OnboardingView.swift; sourceTree = "<group>"; };
		1B7EAD142CEBC24E00D2AB3D /* SignInView.swift */ = {isa = PBXFileReference; lastKnownFileType = sourcecode.swift; path = SignInView.swift; sourceTree = "<group>"; };
		1B7EAD162CEBC25C00D2AB3D /* SignUpView.swift */ = {isa = PBXFileReference; lastKnownFileType = sourcecode.swift; path = SignUpView.swift; sourceTree = "<group>"; };
		1B7EAD1A2CEBC28B00D2AB3D /* SignUpViewModel.swift */ = {isa = PBXFileReference; lastKnownFileType = sourcecode.swift; path = SignUpViewModel.swift; sourceTree = "<group>"; };
		1B7EAD1C2CEBC29800D2AB3D /* SignInViewModel.swift */ = {isa = PBXFileReference; lastKnownFileType = sourcecode.swift; path = SignInViewModel.swift; sourceTree = "<group>"; };
		1B7EAD212CEBC2D800D2AB3D /* ExploreView.swift */ = {isa = PBXFileReference; lastKnownFileType = sourcecode.swift; path = ExploreView.swift; sourceTree = "<group>"; };
		1B7EAD272CEBC34F00D2AB3D /* EventsView.swift */ = {isa = PBXFileReference; lastKnownFileType = sourcecode.swift; path = EventsView.swift; sourceTree = "<group>"; };
		1B7EAD292CEBC35B00D2AB3D /* EventsViewModel.swift */ = {isa = PBXFileReference; lastKnownFileType = sourcecode.swift; path = EventsViewModel.swift; sourceTree = "<group>"; };
		1B7EAD2C2CEBC38200D2AB3D /* ProfileView.swift */ = {isa = PBXFileReference; lastKnownFileType = sourcecode.swift; path = ProfileView.swift; sourceTree = "<group>"; };
		1B7EAD2E2CEBC38C00D2AB3D /* ProfileViewModel.swift */ = {isa = PBXFileReference; lastKnownFileType = sourcecode.swift; path = ProfileViewModel.swift; sourceTree = "<group>"; };
		1B7EAD312CEBC3A400D2AB3D /* MapView.swift */ = {isa = PBXFileReference; lastKnownFileType = sourcecode.swift; path = MapView.swift; sourceTree = "<group>"; };
		1B7EAD332CEBC3AF00D2AB3D /* MapViewModel.swift */ = {isa = PBXFileReference; lastKnownFileType = sourcecode.swift; path = MapViewModel.swift; sourceTree = "<group>"; };
		1B7EAD362CEBC3CF00D2AB3D /* BookmarksView.swift */ = {isa = PBXFileReference; lastKnownFileType = sourcecode.swift; path = BookmarksView.swift; sourceTree = "<group>"; };
		1B7EAD382CEBC3D900D2AB3D /* BookmarksViewModel.swift */ = {isa = PBXFileReference; lastKnownFileType = sourcecode.swift; path = BookmarksViewModel.swift; sourceTree = "<group>"; };
		1B7EAD3A2CEBD14D00D2AB3D /* OnboardingViewModel.swift */ = {isa = PBXFileReference; lastKnownFileType = sourcecode.swift; path = OnboardingViewModel.swift; sourceTree = "<group>"; };
		1BB6A3D42CEFA36F0069A17D /* Router.swift */ = {isa = PBXFileReference; lastKnownFileType = sourcecode.swift; path = Router.swift; sourceTree = "<group>"; };
		1BB6A3D62CEFA51C0069A17D /* TabBarView.swift */ = {isa = PBXFileReference; lastKnownFileType = sourcecode.swift; path = TabBarView.swift; sourceTree = "<group>"; };
		1BB6A3D82CEFA79A0069A17D /* TabCoordinator.swift */ = {isa = PBXFileReference; lastKnownFileType = sourcecode.swift; path = TabCoordinator.swift; sourceTree = "<group>"; };
		1BB6A3DB2CEFAD7D0069A17D /* MainScreenFactory.swift */ = {isa = PBXFileReference; lastKnownFileType = sourcecode.swift; path = MainScreenFactory.swift; sourceTree = "<group>"; };
		1BB6A3DD2CEFB0AD0069A17D /* Coordinator.swift */ = {isa = PBXFileReference; lastKnownFileType = sourcecode.swift; path = Coordinator.swift; sourceTree = "<group>"; };
		1BB6A3DF2CEFB0C90069A17D /* LaunchCoordinator.swift */ = {isa = PBXFileReference; lastKnownFileType = sourcecode.swift; path = LaunchCoordinator.swift; sourceTree = "<group>"; };
		1BB6A3E22CEFD79E0069A17D /* TabBarViewModel.swift */ = {isa = PBXFileReference; lastKnownFileType = sourcecode.swift; path = TabBarViewModel.swift; sourceTree = "<group>"; };
		222838652CE937A400DCF847 /* EventHub.app */ = {isa = PBXFileReference; explicitFileType = wrapper.application; includeInIndex = 0; path = EventHub.app; sourceTree = BUILT_PRODUCTS_DIR; };
		222838682CE937A400DCF847 /* EventHubApp.swift */ = {isa = PBXFileReference; lastKnownFileType = sourcecode.swift; path = EventHubApp.swift; sourceTree = "<group>"; };
		2228386A2CE937A400DCF847 /* MaintView.swift */ = {isa = PBXFileReference; lastKnownFileType = sourcecode.swift; path = MaintView.swift; sourceTree = "<group>"; };
		2228386C2CE937A700DCF847 /* Assets.xcassets */ = {isa = PBXFileReference; lastKnownFileType = folder.assetcatalog; path = Assets.xcassets; sourceTree = "<group>"; };
		2228386F2CE937A700DCF847 /* Preview Assets.xcassets */ = {isa = PBXFileReference; lastKnownFileType = folder.assetcatalog; path = "Preview Assets.xcassets"; sourceTree = "<group>"; };
		22FE3C292CF28E4B00FAEACF /* TextOnlyButton.swift */ = {isa = PBXFileReference; lastKnownFileType = sourcecode.swift; path = TextOnlyButton.swift; sourceTree = "<group>"; };
		4831BA3C2CEB1D1500141C9A /* Info.plist */ = {isa = PBXFileReference; lastKnownFileType = text.plist.xml; path = Info.plist; sourceTree = "<group>"; };
		4831BA3E2CEB28DC00141C9A /* AirbnbCereal_W_Bd.otf */ = {isa = PBXFileReference; lastKnownFileType = file; path = AirbnbCereal_W_Bd.otf; sourceTree = "<group>"; };
		4831BA3F2CEB28DC00141C9A /* AirbnbCereal_W_Bk.otf */ = {isa = PBXFileReference; lastKnownFileType = file; path = AirbnbCereal_W_Bk.otf; sourceTree = "<group>"; };
		4831BA422CEB28DC00141C9A /* AirbnbCereal_W_Md.otf */ = {isa = PBXFileReference; lastKnownFileType = file; path = AirbnbCereal_W_Md.otf; sourceTree = "<group>"; };
		4831BA4A2CEB2F1400141C9A /* FontManager.swift */ = {isa = PBXFileReference; lastKnownFileType = sourcecode.swift; path = FontManager.swift; sourceTree = "<group>"; };
		4831BA4D2CEB2F4B00141C9A /* View+Ex.swift */ = {isa = PBXFileReference; lastKnownFileType = sourcecode.swift; path = "View+Ex.swift"; sourceTree = "<group>"; };
		4831BA502CEB2F9500141C9A /* FontModifier.swift */ = {isa = PBXFileReference; lastKnownFileType = sourcecode.swift; path = FontModifier.swift; sourceTree = "<group>"; };
		E10ED0002CF0DE6B00AFDBC2 /* OnboardingControlsView.swift */ = {isa = PBXFileReference; lastKnownFileType = sourcecode.swift; path = OnboardingControlsView.swift; sourceTree = "<group>"; };
		E10ED0012CF0DE6B00AFDBC2 /* OnboardingItem.swift */ = {isa = PBXFileReference; lastKnownFileType = sourcecode.swift; path = OnboardingItem.swift; sourceTree = "<group>"; };
		E10ED0022CF0DE6B00AFDBC2 /* OnboardingPageView.swift */ = {isa = PBXFileReference; lastKnownFileType = sourcecode.swift; path = OnboardingPageView.swift; sourceTree = "<group>"; };
		E10ED0032CF0DE6B00AFDBC2 /* OnboardingTabView.swift */ = {isa = PBXFileReference; lastKnownFileType = sourcecode.swift; path = OnboardingTabView.swift; sourceTree = "<group>"; };
		E10ED0082CF0E00200AFDBC2 /* EventDTO.swift */ = {isa = PBXFileReference; lastKnownFileType = sourcecode.swift; path = EventDTO.swift; sourceTree = "<group>"; };
		E10ED00B2CF0E25500AFDBC2 /* RoundedCorner.swift */ = {isa = PBXFileReference; lastKnownFileType = sourcecode.swift; path = RoundedCorner.swift; sourceTree = "<group>"; };
		E10ED00D2CF0E29600AFDBC2 /* APIClient.swift */ = {isa = PBXFileReference; lastKnownFileType = sourcecode.swift; path = APIClient.swift; sourceTree = "<group>"; };
		E10ED00E2CF0E29600AFDBC2 /* APIService.swift */ = {isa = PBXFileReference; lastKnownFileType = sourcecode.swift; path = APIService.swift; sourceTree = "<group>"; };
		E10ED00F2CF0E29600AFDBC2 /* EventAPISpec.swift */ = {isa = PBXFileReference; lastKnownFileType = sourcecode.swift; path = EventAPISpec.swift; sourceTree = "<group>"; };
		E10ED0102CF0E29600AFDBC2 /* NetworkError.swift */ = {isa = PBXFileReference; lastKnownFileType = sourcecode.swift; path = NetworkError.swift; sourceTree = "<group>"; };
		E10ED0122CF0E29600AFDBC2 /* EventAPIProtocols.swift */ = {isa = PBXFileReference; lastKnownFileType = sourcecode.swift; path = EventAPIProtocols.swift; sourceTree = "<group>"; };
		E10ED0132CF0E29600AFDBC2 /* EventAPIService.swift */ = {isa = PBXFileReference; lastKnownFileType = sourcecode.swift; path = EventAPIService.swift; sourceTree = "<group>"; };
		E10ED01C2CF0E2F400AFDBC2 /* CategoryUIModel.swift */ = {isa = PBXFileReference; lastKnownFileType = sourcecode.swift; path = CategoryUIModel.swift; sourceTree = "<group>"; };
		E10ED01D2CF0E2F400AFDBC2 /* EventModel.swift */ = {isa = PBXFileReference; lastKnownFileType = sourcecode.swift; path = EventModel.swift; sourceTree = "<group>"; };
		E10ED0212CF0E32500AFDBC2 /* ExploreViewModel.swift */ = {isa = PBXFileReference; lastKnownFileType = sourcecode.swift; path = ExploreViewModel.swift; sourceTree = "<group>"; };
		E10ED0232CF0E47F00AFDBC2 /* ActivityView.swift */ = {isa = PBXFileReference; lastKnownFileType = sourcecode.swift; path = ActivityView.swift; sourceTree = "<group>"; };
		E10ED0242CF0E47F00AFDBC2 /* AuthTextField.swift */ = {isa = PBXFileReference; lastKnownFileType = sourcecode.swift; path = AuthTextField.swift; sourceTree = "<group>"; };
		E10ED0252CF0E47F00AFDBC2 /* BackBarButtonView.swift */ = {isa = PBXFileReference; lastKnownFileType = sourcecode.swift; path = BackBarButtonView.swift; sourceTree = "<group>"; };
		E10ED0262CF0E47F00AFDBC2 /* BackgroundWithEllipses.swift */ = {isa = PBXFileReference; lastKnownFileType = sourcecode.swift; path = BackgroundWithEllipses.swift; sourceTree = "<group>"; };
		E10ED0272CF0E47F00AFDBC2 /* BlueButtonWithArrow.swift */ = {isa = PBXFileReference; lastKnownFileType = sourcecode.swift; path = BlueButtonWithArrow.swift; sourceTree = "<group>"; };
		E10ED0282CF0E47F00AFDBC2 /* BlueCapsuleButtonWithArrow.swift */ = {isa = PBXFileReference; lastKnownFileType = sourcecode.swift; path = BlueCapsuleButtonWithArrow.swift; sourceTree = "<group>"; };
		E10ED0292CF0E47F00AFDBC2 /* CategoryButtonView.swift */ = {isa = PBXFileReference; lastKnownFileType = sourcecode.swift; path = CategoryButtonView.swift; sourceTree = "<group>"; };
		E10ED02A2CF0E47F00AFDBC2 /* CategoryScroll.swift */ = {isa = PBXFileReference; lastKnownFileType = sourcecode.swift; path = CategoryScroll.swift; sourceTree = "<group>"; };
		E10ED02B2CF0E47F00AFDBC2 /* CustomToolbar.swift */ = {isa = PBXFileReference; lastKnownFileType = sourcecode.swift; path = CustomToolbar.swift; sourceTree = "<group>"; };
		E10ED02C2CF0E47F00AFDBC2 /* EventCardView.swift */ = {isa = PBXFileReference; lastKnownFileType = sourcecode.swift; path = EventCardView.swift; sourceTree = "<group>"; };
		E10ED02D2CF0E47F00AFDBC2 /* FiltersButtonView.swift */ = {isa = PBXFileReference; lastKnownFileType = sourcecode.swift; path = FiltersButtonView.swift; sourceTree = "<group>"; };
		E10ED02E2CF0E47F00AFDBC2 /* MainCategorySectionView.swift */ = {isa = PBXFileReference; lastKnownFileType = sourcecode.swift; path = MainCategorySectionView.swift; sourceTree = "<group>"; };
		E10ED02F2CF0E47F00AFDBC2 /* ScrollEventCardsView.swift */ = {isa = PBXFileReference; lastKnownFileType = sourcecode.swift; path = ScrollEventCardsView.swift; sourceTree = "<group>"; };
		E10ED0302CF0E47F00AFDBC2 /* SearchBarView.swift */ = {isa = PBXFileReference; lastKnownFileType = sourcecode.swift; path = SearchBarView.swift; sourceTree = "<group>"; };
		E10ED0312CF0E47F00AFDBC2 /* SecureTextField.swift */ = {isa = PBXFileReference; lastKnownFileType = sourcecode.swift; path = SecureTextField.swift; sourceTree = "<group>"; };
		E10ED0322CF0E47F00AFDBC2 /* ShimmerView.swift */ = {isa = PBXFileReference; lastKnownFileType = sourcecode.swift; path = ShimmerView.swift; sourceTree = "<group>"; };
		E10ED0332CF0E47F00AFDBC2 /* SmallEventCard.swift */ = {isa = PBXFileReference; lastKnownFileType = sourcecode.swift; path = SmallEventCard.swift; sourceTree = "<group>"; };
		E10ED0342CF0E47F00AFDBC2 /* ToolBarAction.swift */ = {isa = PBXFileReference; lastKnownFileType = sourcecode.swift; path = ToolBarAction.swift; sourceTree = "<group>"; };
		E10ED0352CF0E47F00AFDBC2 /* ToolBarView.swift */ = {isa = PBXFileReference; lastKnownFileType = sourcecode.swift; path = ToolBarView.swift; sourceTree = "<group>"; };
		E10ED03B2CF0E47F00AFDBC2 /* ThirdSmallEventCard.swift */ = {isa = PBXFileReference; lastKnownFileType = sourcecode.swift; path = ThirdSmallEventCard.swift; sourceTree = "<group>"; };
		E10ED03C2CF0E47F00AFDBC2 /* ToolBarButtonView.swift */ = {isa = PBXFileReference; lastKnownFileType = sourcecode.swift; path = ToolBarButtonView.swift; sourceTree = "<group>"; };
		E10ED0612CF0E55300AFDBC2 /* Date+Ex.swift */ = {isa = PBXFileReference; lastKnownFileType = sourcecode.swift; path = "Date+Ex.swift"; sourceTree = "<group>"; };
		E14D57272CF12272009949BC /* DetailComponentView.swift */ = {isa = PBXFileReference; lastKnownFileType = sourcecode.swift; path = DetailComponentView.swift; sourceTree = "<group>"; };
		E14D57282CF12272009949BC /* DetailView.swift */ = {isa = PBXFileReference; lastKnownFileType = sourcecode.swift; path = DetailView.swift; sourceTree = "<group>"; };
		E14D57292CF12272009949BC /* DetailViewModel.swift */ = {isa = PBXFileReference; lastKnownFileType = sourcecode.swift; path = DetailViewModel.swift; sourceTree = "<group>"; };
		E14D572E2CF1229A009949BC /* String+Ex.swift */ = {isa = PBXFileReference; lastKnownFileType = sourcecode.swift; path = "String+Ex.swift"; sourceTree = "<group>"; };
		E1B52AD22CEE582F001AA8E0 /* EventDTO.swift */ = {isa = PBXFileReference; lastKnownFileType = sourcecode.swift; path = EventDTO.swift; sourceTree = "<group>"; };
/* End PBXFileReference section */

/* Begin PBXFrameworksBuildPhase section */
		222838622CE937A400DCF847 /* Frameworks */ = {
			isa = PBXFrameworksBuildPhase;
			buildActionMask = 2147483647;
			files = (
				4806818E2CF20C28001A2D9A /* Kingfisher in Frameworks */,
				1B7EAD0C2CEBC16C00D2AB3D /* Swinject in Frameworks */,
				4806818B2CF20BFC001A2D9A /* Swinject in Frameworks */,
			);
			runOnlyForDeploymentPostprocessing = 0;
		};
/* End PBXFrameworksBuildPhase section */

/* Begin PBXGroup section */
		1B7EAD0D2CEBC17D00D2AB3D /* DI */ = {
			isa = PBXGroup;
			children = (
				1B7EAD0E2CEBC19900D2AB3D /* DI.swift */,
			);
			path = DI;
			sourceTree = "<group>";
		};
		1B7EAD102CEBC1E800D2AB3D /* Onboarding */ = {
			isa = PBXGroup;
			children = (
				E10ED0002CF0DE6B00AFDBC2 /* OnboardingControlsView.swift */,
				E10ED0012CF0DE6B00AFDBC2 /* OnboardingItem.swift */,
				E10ED0022CF0DE6B00AFDBC2 /* OnboardingPageView.swift */,
				E10ED0032CF0DE6B00AFDBC2 /* OnboardingTabView.swift */,
				1B7EAD112CEBC1FF00D2AB3D /* OnboardingView.swift */,
				1B7EAD3A2CEBD14D00D2AB3D /* OnboardingViewModel.swift */,
			);
			path = Onboarding;
			sourceTree = "<group>";
		};
		1B7EAD132CEBC22000D2AB3D /* AuthView */ = {
			isa = PBXGroup;
			children = (
				1B7EAD192CEBC27200D2AB3D /* SignUp */,
				1B7EAD182CEBC26B00D2AB3D /* SignIn */,
			);
			path = AuthView;
			sourceTree = "<group>";
		};
		1B7EAD182CEBC26B00D2AB3D /* SignIn */ = {
			isa = PBXGroup;
			children = (
				1B7EAD142CEBC24E00D2AB3D /* SignInView.swift */,
				1B7EAD1C2CEBC29800D2AB3D /* SignInViewModel.swift */,
			);
			path = SignIn;
			sourceTree = "<group>";
		};
		1B7EAD192CEBC27200D2AB3D /* SignUp */ = {
			isa = PBXGroup;
			children = (
				1B7EAD162CEBC25C00D2AB3D /* SignUpView.swift */,
				1B7EAD1A2CEBC28B00D2AB3D /* SignUpViewModel.swift */,
			);
			path = SignUp;
			sourceTree = "<group>";
		};
		1B7EAD1E2CEBC2B600D2AB3D /* Explore */ = {
			isa = PBXGroup;
			children = (
				E10ED01E2CF0E2F400AFDBC2 /* Models */,
				1B7EAD212CEBC2D800D2AB3D /* ExploreView.swift */,
				E10ED0212CF0E32500AFDBC2 /* ExploreViewModel.swift */,
			);
			path = Explore;
			sourceTree = "<group>";
		};
		1B7EAD232CEBC2DF00D2AB3D /* Events */ = {
			isa = PBXGroup;
			children = (
				1B7EAD272CEBC34F00D2AB3D /* EventsView.swift */,
				1B7EAD292CEBC35B00D2AB3D /* EventsViewModel.swift */,
			);
			path = Events;
			sourceTree = "<group>";
		};
		1B7EAD2B2CEBC37700D2AB3D /* Profile */ = {
			isa = PBXGroup;
			children = (
				1B7EAD2C2CEBC38200D2AB3D /* ProfileView.swift */,
				1B7EAD2E2CEBC38C00D2AB3D /* ProfileViewModel.swift */,
			);
			path = Profile;
			sourceTree = "<group>";
		};
		1B7EAD302CEBC39500D2AB3D /* Map */ = {
			isa = PBXGroup;
			children = (
				1B7EAD312CEBC3A400D2AB3D /* MapView.swift */,
				1B7EAD332CEBC3AF00D2AB3D /* MapViewModel.swift */,
			);
			path = Map;
			sourceTree = "<group>";
		};
		1B7EAD352CEBC3BC00D2AB3D /* Bookmarks */ = {
			isa = PBXGroup;
			children = (
				1B7EAD362CEBC3CF00D2AB3D /* BookmarksView.swift */,
				1B7EAD382CEBC3D900D2AB3D /* BookmarksViewModel.swift */,
			);
			path = Bookmarks;
			sourceTree = "<group>";
		};
		1BB6A3DA2CEFAD5C0069A17D /* TabBar */ = {
			isa = PBXGroup;
			children = (
				1BB6A3D62CEFA51C0069A17D /* TabBarView.swift */,
				1BB6A3E22CEFD79E0069A17D /* TabBarViewModel.swift */,
			);
			path = TabBar;
			sourceTree = "<group>";
		};
		1BB6A3E12CEFD2660069A17D /* Coordinator */ = {
			isa = PBXGroup;
			children = (
				1BB6A3D42CEFA36F0069A17D /* Router.swift */,
				1BB6A3DD2CEFB0AD0069A17D /* Coordinator.swift */,
				1BB6A3DF2CEFB0C90069A17D /* LaunchCoordinator.swift */,
				1BB6A3DB2CEFAD7D0069A17D /* MainScreenFactory.swift */,
				1BB6A3D82CEFA79A0069A17D /* TabCoordinator.swift */,
			);
			path = Coordinator;
			sourceTree = "<group>";
		};
		2228385C2CE937A400DCF847 = {
			isa = PBXGroup;
			children = (
				222838672CE937A400DCF847 /* EventHub */,
				222838662CE937A400DCF847 /* Products */,
				E10ECFFF2CF0DD6500AFDBC2 /* Recovered References */,
			);
			sourceTree = "<group>";
		};
		222838662CE937A400DCF847 /* Products */ = {
			isa = PBXGroup;
			children = (
				222838652CE937A400DCF847 /* EventHub.app */,
			);
			name = Products;
			sourceTree = "<group>";
		};
		222838672CE937A400DCF847 /* EventHub */ = {
			isa = PBXGroup;
			children = (
				1BB6A3E12CEFD2660069A17D /* Coordinator */,
				4831BA522CEB2FCD00141C9A /* App */,
				1B7EAD0D2CEBC17D00D2AB3D /* DI */,
				E10ED0092CF0E00200AFDBC2 /* DTO */,
				4831BA532CEB2FEE00141C9A /* Screens */,
				E1B52ADB2CEE5853001AA8E0 /* Services */,
				4831BA582CEB421C00141C9A /* Components */,
				4831BA3D2CEB28C400141C9A /* Font */,
				4831BA4F2CEB2F6700141C9A /* Modifiers */,
				4831BA4C2CEB2F4000141C9A /* Extensions */,
				2228386C2CE937A700DCF847 /* Assets.xcassets */,
				2228386E2CE937A700DCF847 /* Preview Content */,
			);
			path = EventHub;
			sourceTree = "<group>";
		};
		2228386E2CE937A700DCF847 /* Preview Content */ = {
			isa = PBXGroup;
			children = (
				2228386F2CE937A700DCF847 /* Preview Assets.xcassets */,
			);
			path = "Preview Content";
			sourceTree = "<group>";
		};
		4831BA3D2CEB28C400141C9A /* Font */ = {
			isa = PBXGroup;
			children = (
				4831BA3E2CEB28DC00141C9A /* AirbnbCereal_W_Bd.otf */,
				4831BA3F2CEB28DC00141C9A /* AirbnbCereal_W_Bk.otf */,
				4831BA422CEB28DC00141C9A /* AirbnbCereal_W_Md.otf */,
				4831BA4A2CEB2F1400141C9A /* FontManager.swift */,
			);
			path = Font;
			sourceTree = "<group>";
		};
		4831BA4C2CEB2F4000141C9A /* Extensions */ = {
			isa = PBXGroup;
			children = (
				E14D572E2CF1229A009949BC /* String+Ex.swift */,
				E10ED0612CF0E55300AFDBC2 /* Date+Ex.swift */,
				4831BA4D2CEB2F4B00141C9A /* View+Ex.swift */,
			);
			path = Extensions;
			sourceTree = "<group>";
		};
		4831BA4F2CEB2F6700141C9A /* Modifiers */ = {
			isa = PBXGroup;
			children = (
				E10ED00B2CF0E25500AFDBC2 /* RoundedCorner.swift */,
				4831BA502CEB2F9500141C9A /* FontModifier.swift */,
			);
			path = Modifiers;
			sourceTree = "<group>";
		};
		4831BA522CEB2FCD00141C9A /* App */ = {
			isa = PBXGroup;
			children = (
				4831BA3C2CEB1D1500141C9A /* Info.plist */,
				222838682CE937A400DCF847 /* EventHubApp.swift */,
			);
			path = App;
			sourceTree = "<group>";
		};
		4831BA532CEB2FEE00141C9A /* Screens */ = {
			isa = PBXGroup;
			children = (
				2228386A2CE937A400DCF847 /* MaintView.swift */,
				1B7EAD102CEBC1E800D2AB3D /* Onboarding */,
				1B7EAD132CEBC22000D2AB3D /* AuthView */,
				1BB6A3DA2CEFAD5C0069A17D /* TabBar */,
				1B7EAD1E2CEBC2B600D2AB3D /* Explore */,
				E14D572A2CF12272009949BC /* EventDetals */,
				1B7EAD232CEBC2DF00D2AB3D /* Events */,
				1B7EAD302CEBC39500D2AB3D /* Map */,
				1B7EAD352CEBC3BC00D2AB3D /* Bookmarks */,
				1B7EAD2B2CEBC37700D2AB3D /* Profile */,
			);
			path = Screens;
			sourceTree = "<group>";
		};
		4831BA582CEB421C00141C9A /* Components */ = {
			isa = PBXGroup;
			children = (
				E10ED0362CF0E47F00AFDBC2 /* ToolBar */,
				E10ED0232CF0E47F00AFDBC2 /* ActivityView.swift */,
				E10ED0242CF0E47F00AFDBC2 /* AuthTextField.swift */,
				E10ED0252CF0E47F00AFDBC2 /* BackBarButtonView.swift */,
				E10ED0262CF0E47F00AFDBC2 /* BackgroundWithEllipses.swift */,
				E10ED0272CF0E47F00AFDBC2 /* BlueButtonWithArrow.swift */,
				E10ED0282CF0E47F00AFDBC2 /* BlueCapsuleButtonWithArrow.swift */,
				E10ED0292CF0E47F00AFDBC2 /* CategoryButtonView.swift */,
				E10ED02A2CF0E47F00AFDBC2 /* CategoryScroll.swift */,
				E10ED02B2CF0E47F00AFDBC2 /* CustomToolbar.swift */,
				E10ED02C2CF0E47F00AFDBC2 /* EventCardView.swift */,
				E10ED02D2CF0E47F00AFDBC2 /* FiltersButtonView.swift */,
				E10ED02E2CF0E47F00AFDBC2 /* MainCategorySectionView.swift */,
				E10ED02F2CF0E47F00AFDBC2 /* ScrollEventCardsView.swift */,
				E10ED0302CF0E47F00AFDBC2 /* SearchBarView.swift */,
				E10ED0312CF0E47F00AFDBC2 /* SecureTextField.swift */,
				E10ED0322CF0E47F00AFDBC2 /* ShimmerView.swift */,
				E10ED0332CF0E47F00AFDBC2 /* SmallEventCard.swift */,
				E10ED03B2CF0E47F00AFDBC2 /* ThirdSmallEventCard.swift */,
				E10ED03C2CF0E47F00AFDBC2 /* ToolBarButtonView.swift */,
				22FE3C292CF28E4B00FAEACF /* TextOnlyButton.swift */,
			);
			path = Components;
			sourceTree = "<group>";
		};
		E10ECFFF2CF0DD6500AFDBC2 /* Recovered References */ = {
			isa = PBXGroup;
			children = (
				E1B52AD22CEE582F001AA8E0 /* EventDTO.swift */,
			);
			name = "Recovered References";
			sourceTree = "<group>";
		};
		E10ED0092CF0E00200AFDBC2 /* DTO */ = {
			isa = PBXGroup;
			children = (
				E10ED0082CF0E00200AFDBC2 /* EventDTO.swift */,
			);
			path = DTO;
			sourceTree = "<group>";
		};
		E10ED0112CF0E29600AFDBC2 /* APIService */ = {
			isa = PBXGroup;
			children = (
				E10ED00D2CF0E29600AFDBC2 /* APIClient.swift */,
				E10ED00E2CF0E29600AFDBC2 /* APIService.swift */,
				E10ED00F2CF0E29600AFDBC2 /* EventAPISpec.swift */,
				E10ED0102CF0E29600AFDBC2 /* NetworkError.swift */,
			);
			path = APIService;
			sourceTree = "<group>";
		};
		E10ED0142CF0E29600AFDBC2 /* EventAPIService */ = {
			isa = PBXGroup;
			children = (
				E10ED0122CF0E29600AFDBC2 /* EventAPIProtocols.swift */,
				E10ED0132CF0E29600AFDBC2 /* EventAPIService.swift */,
			);
			path = EventAPIService;
			sourceTree = "<group>";
		};
		E10ED0152CF0E29600AFDBC2 /* NetworkService */ = {
			isa = PBXGroup;
			children = (
				E10ED0112CF0E29600AFDBC2 /* APIService */,
				E10ED0142CF0E29600AFDBC2 /* EventAPIService */,
			);
			path = NetworkService;
			sourceTree = "<group>";
		};
		E10ED01E2CF0E2F400AFDBC2 /* Models */ = {
			isa = PBXGroup;
			children = (
				E10ED01C2CF0E2F400AFDBC2 /* CategoryUIModel.swift */,
				E10ED01D2CF0E2F400AFDBC2 /* EventModel.swift */,
			);
			path = Models;
			sourceTree = "<group>";
		};
		E10ED0362CF0E47F00AFDBC2 /* ToolBar */ = {
			isa = PBXGroup;
			children = (
				E10ED0342CF0E47F00AFDBC2 /* ToolBarAction.swift */,
				E10ED0352CF0E47F00AFDBC2 /* ToolBarView.swift */,
			);
			path = ToolBar;
			sourceTree = "<group>";
		};
		E14D572A2CF12272009949BC /* EventDetals */ = {
			isa = PBXGroup;
			children = (
				E14D57272CF12272009949BC /* DetailComponentView.swift */,
				E14D57282CF12272009949BC /* DetailView.swift */,
				E14D57292CF12272009949BC /* DetailViewModel.swift */,
			);
			path = EventDetals;
			sourceTree = "<group>";
		};
		E1B52ADB2CEE5853001AA8E0 /* Services */ = {
			isa = PBXGroup;
			children = (
				E10ED0152CF0E29600AFDBC2 /* NetworkService */,
			);
			path = Services;
			sourceTree = "<group>";
		};
/* End PBXGroup section */

/* Begin PBXNativeTarget section */
		222838642CE937A400DCF847 /* EventHub */ = {
			isa = PBXNativeTarget;
			buildConfigurationList = 222838732CE937A700DCF847 /* Build configuration list for PBXNativeTarget "EventHub" */;
			buildPhases = (
				222838612CE937A400DCF847 /* Sources */,
				222838622CE937A400DCF847 /* Frameworks */,
				222838632CE937A400DCF847 /* Resources */,
			);
			buildRules = (
			);
			dependencies = (
			);
			name = EventHub;
			packageProductDependencies = (
				4806818A2CF20BFC001A2D9A /* Swinject */,
				4806818D2CF20C28001A2D9A /* Kingfisher */,
			);
			productName = EventHub;
			productReference = 222838652CE937A400DCF847 /* EventHub.app */;
			productType = "com.apple.product-type.application";
		};
/* End PBXNativeTarget section */

/* Begin PBXProject section */
		2228385D2CE937A400DCF847 /* Project object */ = {
			isa = PBXProject;
			attributes = {
				BuildIndependentTargetsInParallel = 1;
				LastSwiftUpdateCheck = 1540;
				LastUpgradeCheck = 1610;
				TargetAttributes = {
					222838642CE937A400DCF847 = {
						CreatedOnToolsVersion = 15.4;
					};
				};
			};
			buildConfigurationList = 222838602CE937A400DCF847 /* Build configuration list for PBXProject "EventHub" */;
			compatibilityVersion = "Xcode 14.0";
			developmentRegion = en;
			hasScannedForEncodings = 0;
			knownRegions = (
				en,
				Base,
			);
			mainGroup = 2228385C2CE937A400DCF847;
			packageReferences = (
				480681892CF20BFC001A2D9A /* XCRemoteSwiftPackageReference "Swinject" */,
				4806818C2CF20C28001A2D9A /* XCRemoteSwiftPackageReference "Kingfisher" */,
			);
			productRefGroup = 222838662CE937A400DCF847 /* Products */;
			projectDirPath = "";
			projectRoot = "";
			targets = (
				222838642CE937A400DCF847 /* EventHub */,
			);
		};
/* End PBXProject section */

/* Begin PBXResourcesBuildPhase section */
		222838632CE937A400DCF847 /* Resources */ = {
			isa = PBXResourcesBuildPhase;
			buildActionMask = 2147483647;
			files = (
				4831BA452CEB28DC00141C9A /* AirbnbCereal_W_Md.otf in Resources */,
				4831BA462CEB28DC00141C9A /* AirbnbCereal_W_Bd.otf in Resources */,
				4831BA492CEB28DC00141C9A /* AirbnbCereal_W_Bk.otf in Resources */,
				222838702CE937A700DCF847 /* Preview Assets.xcassets in Resources */,
				2228386D2CE937A700DCF847 /* Assets.xcassets in Resources */,
			);
			runOnlyForDeploymentPostprocessing = 0;
		};
/* End PBXResourcesBuildPhase section */

/* Begin PBXSourcesBuildPhase section */
		222838612CE937A400DCF847 /* Sources */ = {
			isa = PBXSourcesBuildPhase;
			buildActionMask = 2147483647;
			files = (
				E10ED0622CF0E55300AFDBC2 /* Date+Ex.swift in Sources */,
				E10ED0042CF0DE6B00AFDBC2 /* OnboardingItem.swift in Sources */,
				E10ED0052CF0DE6B00AFDBC2 /* OnboardingPageView.swift in Sources */,
				E10ED0062CF0DE6B00AFDBC2 /* OnboardingTabView.swift in Sources */,
				22FE3C2A2CF28E4B00FAEACF /* TextOnlyButton.swift in Sources */,
				E10ED0072CF0DE6B00AFDBC2 /* OnboardingControlsView.swift in Sources */,
				6C75B38C2CEF8D2B0086A03D /* FontModifier.swift in Sources */,
				6C75B38B2CEF8D260086A03D /* FontManager.swift in Sources */,
				E10ED00C2CF0E25500AFDBC2 /* RoundedCorner.swift in Sources */,
				E10ED0222CF0E32500AFDBC2 /* ExploreViewModel.swift in Sources */,
				1BB6A3D72CEFA51C0069A17D /* TabBarView.swift in Sources */,
				1BB6A3E02CEFB0C90069A17D /* LaunchCoordinator.swift in Sources */,
				1B7EAD3B2CEBD14D00D2AB3D /* OnboardingViewModel.swift in Sources */,
				1B7EAD282CEBC34F00D2AB3D /* EventsView.swift in Sources */,
				1B7EAD2A2CEBC35B00D2AB3D /* EventsViewModel.swift in Sources */,
				E10ED00A2CF0E00200AFDBC2 /* EventDTO.swift in Sources */,
				E14D572F2CF1229A009949BC /* String+Ex.swift in Sources */,
				2228386B2CE937A400DCF847 /* MaintView.swift in Sources */,
				1BB6A3D92CEFA79A0069A17D /* TabCoordinator.swift in Sources */,
				E14D572B2CF12272009949BC /* DetailViewModel.swift in Sources */,
				E14D572C2CF12272009949BC /* DetailComponentView.swift in Sources */,
				E14D572D2CF12272009949BC /* DetailView.swift in Sources */,
				E10ED0162CF0E29600AFDBC2 /* EventAPIService.swift in Sources */,
				E10ED0172CF0E29600AFDBC2 /* APIService.swift in Sources */,
				E10ED0182CF0E29600AFDBC2 /* EventAPISpec.swift in Sources */,
				E10ED0192CF0E29600AFDBC2 /* APIClient.swift in Sources */,
				E10ED01A2CF0E29600AFDBC2 /* NetworkError.swift in Sources */,
				E10ED01B2CF0E29600AFDBC2 /* EventAPIProtocols.swift in Sources */,
				1B7EAD1B2CEBC28B00D2AB3D /* SignUpViewModel.swift in Sources */,
				1B7EAD322CEBC3A400D2AB3D /* MapView.swift in Sources */,
				1B7EAD152CEBC24E00D2AB3D /* SignInView.swift in Sources */,
				1B7EAD392CEBC3D900D2AB3D /* BookmarksViewModel.swift in Sources */,
				1BB6A3DE2CEFB0AD0069A17D /* Coordinator.swift in Sources */,
				1B7EAD172CEBC25C00D2AB3D /* SignUpView.swift in Sources */,
				222838692CE937A400DCF847 /* EventHubApp.swift in Sources */,
				E10ED01F2CF0E2F400AFDBC2 /* CategoryUIModel.swift in Sources */,
				E10ED0202CF0E2F400AFDBC2 /* EventModel.swift in Sources */,
				1B7EAD0F2CEBC19900D2AB3D /* DI.swift in Sources */,
				1BB6A3E32CEFD79E0069A17D /* TabBarViewModel.swift in Sources */,
				E10ED03D2CF0E47F00AFDBC2 /* CategoryScroll.swift in Sources */,
				E10ED03E2CF0E47F00AFDBC2 /* ThirdSmallEventCard.swift in Sources */,
				E10ED03F2CF0E47F00AFDBC2 /* ShimmerView.swift in Sources */,
				E10ED0402CF0E47F00AFDBC2 /* BackBarButtonView.swift in Sources */,
				E10ED0412CF0E47F00AFDBC2 /* BlueCapsuleButtonWithArrow.swift in Sources */,
				E10ED0422CF0E47F00AFDBC2 /* ToolBarAction.swift in Sources */,
				E10ED0442CF0E47F00AFDBC2 /* ScrollEventCardsView.swift in Sources */,
				E10ED0452CF0E47F00AFDBC2 /* FiltersButtonView.swift in Sources */,
				E10ED0462CF0E47F00AFDBC2 /* BlueButtonWithArrow.swift in Sources */,
				E10ED0472CF0E47F00AFDBC2 /* SecureTextField.swift in Sources */,
				E10ED0482CF0E47F00AFDBC2 /* EventCardView.swift in Sources */,
				E10ED04A2CF0E47F00AFDBC2 /* CategoryButtonView.swift in Sources */,
				E10ED04B2CF0E47F00AFDBC2 /* ToolBarButtonView.swift in Sources */,
				E10ED04C2CF0E47F00AFDBC2 /* AuthTextField.swift in Sources */,
				E10ED04D2CF0E47F00AFDBC2 /* ActivityView.swift in Sources */,
				E10ED04E2CF0E47F00AFDBC2 /* ToolBarView.swift in Sources */,
				E10ED04F2CF0E47F00AFDBC2 /* BackgroundWithEllipses.swift in Sources */,
				E10ED0502CF0E47F00AFDBC2 /* CustomToolbar.swift in Sources */,
				E10ED0522CF0E47F00AFDBC2 /* SmallEventCard.swift in Sources */,
				E10ED0532CF0E47F00AFDBC2 /* SearchBarView.swift in Sources */,
				E10ED0542CF0E47F00AFDBC2 /* MainCategorySectionView.swift in Sources */,
				1BB6A3DC2CEFAD7D0069A17D /* MainScreenFactory.swift in Sources */,
				1B7EAD222CEBC2D800D2AB3D /* ExploreView.swift in Sources */,
				4831BA4E2CEB2F4B00141C9A /* View+Ex.swift in Sources */,
				1B7EAD2F2CEBC38C00D2AB3D /* ProfileViewModel.swift in Sources */,
				1B7EAD372CEBC3CF00D2AB3D /* BookmarksView.swift in Sources */,
				1B7EAD122CEBC1FF00D2AB3D /* OnboardingView.swift in Sources */,
				1BB6A3D52CEFA36F0069A17D /* Router.swift in Sources */,
				1B7EAD2D2CEBC38200D2AB3D /* ProfileView.swift in Sources */,
				1B7EAD1D2CEBC29800D2AB3D /* SignInViewModel.swift in Sources */,
				1B7EAD342CEBC3AF00D2AB3D /* MapViewModel.swift in Sources */,
			);
			runOnlyForDeploymentPostprocessing = 0;
		};
/* End PBXSourcesBuildPhase section */

/* Begin XCBuildConfiguration section */
		222838712CE937A700DCF847 /* Debug */ = {
			isa = XCBuildConfiguration;
			buildSettings = {
				ALWAYS_SEARCH_USER_PATHS = NO;
				ASSETCATALOG_COMPILER_GENERATE_SWIFT_ASSET_SYMBOL_EXTENSIONS = YES;
				CLANG_ANALYZER_NONNULL = YES;
				CLANG_ANALYZER_NUMBER_OBJECT_CONVERSION = YES_AGGRESSIVE;
				CLANG_CXX_LANGUAGE_STANDARD = "gnu++20";
				CLANG_ENABLE_MODULES = YES;
				CLANG_ENABLE_OBJC_ARC = YES;
				CLANG_ENABLE_OBJC_WEAK = YES;
				CLANG_WARN_BLOCK_CAPTURE_AUTORELEASING = YES;
				CLANG_WARN_BOOL_CONVERSION = YES;
				CLANG_WARN_COMMA = YES;
				CLANG_WARN_CONSTANT_CONVERSION = YES;
				CLANG_WARN_DEPRECATED_OBJC_IMPLEMENTATIONS = YES;
				CLANG_WARN_DIRECT_OBJC_ISA_USAGE = YES_ERROR;
				CLANG_WARN_DOCUMENTATION_COMMENTS = YES;
				CLANG_WARN_EMPTY_BODY = YES;
				CLANG_WARN_ENUM_CONVERSION = YES;
				CLANG_WARN_INFINITE_RECURSION = YES;
				CLANG_WARN_INT_CONVERSION = YES;
				CLANG_WARN_NON_LITERAL_NULL_CONVERSION = YES;
				CLANG_WARN_OBJC_IMPLICIT_RETAIN_SELF = YES;
				CLANG_WARN_OBJC_LITERAL_CONVERSION = YES;
				CLANG_WARN_OBJC_ROOT_CLASS = YES_ERROR;
				CLANG_WARN_QUOTED_INCLUDE_IN_FRAMEWORK_HEADER = YES;
				CLANG_WARN_RANGE_LOOP_ANALYSIS = YES;
				CLANG_WARN_STRICT_PROTOTYPES = YES;
				CLANG_WARN_SUSPICIOUS_MOVE = YES;
				CLANG_WARN_UNGUARDED_AVAILABILITY = YES_AGGRESSIVE;
				CLANG_WARN_UNREACHABLE_CODE = YES;
				CLANG_WARN__DUPLICATE_METHOD_MATCH = YES;
				COPY_PHASE_STRIP = NO;
				DEBUG_INFORMATION_FORMAT = dwarf;
				ENABLE_STRICT_OBJC_MSGSEND = YES;
				ENABLE_TESTABILITY = YES;
				ENABLE_USER_SCRIPT_SANDBOXING = YES;
				GCC_C_LANGUAGE_STANDARD = gnu17;
				GCC_DYNAMIC_NO_PIC = NO;
				GCC_NO_COMMON_BLOCKS = YES;
				GCC_OPTIMIZATION_LEVEL = 0;
				GCC_PREPROCESSOR_DEFINITIONS = (
					"DEBUG=1",
					"$(inherited)",
				);
				GCC_WARN_64_TO_32_BIT_CONVERSION = YES;
				GCC_WARN_ABOUT_RETURN_TYPE = YES_ERROR;
				GCC_WARN_UNDECLARED_SELECTOR = YES;
				GCC_WARN_UNINITIALIZED_AUTOS = YES_AGGRESSIVE;
				GCC_WARN_UNUSED_FUNCTION = YES;
				GCC_WARN_UNUSED_VARIABLE = YES;
				IPHONEOS_DEPLOYMENT_TARGET = 17.5;
				LOCALIZATION_PREFERS_STRING_CATALOGS = YES;
				MTL_ENABLE_DEBUG_INFO = INCLUDE_SOURCE;
				MTL_FAST_MATH = YES;
				ONLY_ACTIVE_ARCH = YES;
				SDKROOT = iphoneos;
				SWIFT_ACTIVE_COMPILATION_CONDITIONS = "DEBUG $(inherited)";
				SWIFT_OPTIMIZATION_LEVEL = "-Onone";
			};
			name = Debug;
		};
		222838722CE937A700DCF847 /* Release */ = {
			isa = XCBuildConfiguration;
			buildSettings = {
				ALWAYS_SEARCH_USER_PATHS = NO;
				ASSETCATALOG_COMPILER_GENERATE_SWIFT_ASSET_SYMBOL_EXTENSIONS = YES;
				CLANG_ANALYZER_NONNULL = YES;
				CLANG_ANALYZER_NUMBER_OBJECT_CONVERSION = YES_AGGRESSIVE;
				CLANG_CXX_LANGUAGE_STANDARD = "gnu++20";
				CLANG_ENABLE_MODULES = YES;
				CLANG_ENABLE_OBJC_ARC = YES;
				CLANG_ENABLE_OBJC_WEAK = YES;
				CLANG_WARN_BLOCK_CAPTURE_AUTORELEASING = YES;
				CLANG_WARN_BOOL_CONVERSION = YES;
				CLANG_WARN_COMMA = YES;
				CLANG_WARN_CONSTANT_CONVERSION = YES;
				CLANG_WARN_DEPRECATED_OBJC_IMPLEMENTATIONS = YES;
				CLANG_WARN_DIRECT_OBJC_ISA_USAGE = YES_ERROR;
				CLANG_WARN_DOCUMENTATION_COMMENTS = YES;
				CLANG_WARN_EMPTY_BODY = YES;
				CLANG_WARN_ENUM_CONVERSION = YES;
				CLANG_WARN_INFINITE_RECURSION = YES;
				CLANG_WARN_INT_CONVERSION = YES;
				CLANG_WARN_NON_LITERAL_NULL_CONVERSION = YES;
				CLANG_WARN_OBJC_IMPLICIT_RETAIN_SELF = YES;
				CLANG_WARN_OBJC_LITERAL_CONVERSION = YES;
				CLANG_WARN_OBJC_ROOT_CLASS = YES_ERROR;
				CLANG_WARN_QUOTED_INCLUDE_IN_FRAMEWORK_HEADER = YES;
				CLANG_WARN_RANGE_LOOP_ANALYSIS = YES;
				CLANG_WARN_STRICT_PROTOTYPES = YES;
				CLANG_WARN_SUSPICIOUS_MOVE = YES;
				CLANG_WARN_UNGUARDED_AVAILABILITY = YES_AGGRESSIVE;
				CLANG_WARN_UNREACHABLE_CODE = YES;
				CLANG_WARN__DUPLICATE_METHOD_MATCH = YES;
				COPY_PHASE_STRIP = NO;
				DEBUG_INFORMATION_FORMAT = "dwarf-with-dsym";
				ENABLE_NS_ASSERTIONS = NO;
				ENABLE_STRICT_OBJC_MSGSEND = YES;
				ENABLE_USER_SCRIPT_SANDBOXING = YES;
				GCC_C_LANGUAGE_STANDARD = gnu17;
				GCC_NO_COMMON_BLOCKS = YES;
				GCC_WARN_64_TO_32_BIT_CONVERSION = YES;
				GCC_WARN_ABOUT_RETURN_TYPE = YES_ERROR;
				GCC_WARN_UNDECLARED_SELECTOR = YES;
				GCC_WARN_UNINITIALIZED_AUTOS = YES_AGGRESSIVE;
				GCC_WARN_UNUSED_FUNCTION = YES;
				GCC_WARN_UNUSED_VARIABLE = YES;
				IPHONEOS_DEPLOYMENT_TARGET = 17.5;
				LOCALIZATION_PREFERS_STRING_CATALOGS = YES;
				MTL_ENABLE_DEBUG_INFO = NO;
				MTL_FAST_MATH = YES;
				SDKROOT = iphoneos;
				SWIFT_COMPILATION_MODE = wholemodule;
				VALIDATE_PRODUCT = YES;
			};
			name = Release;
		};
		222838742CE937A700DCF847 /* Debug */ = {
			isa = XCBuildConfiguration;
			buildSettings = {
				ASSETCATALOG_COMPILER_APPICON_NAME = AppIcon;
				ASSETCATALOG_COMPILER_GLOBAL_ACCENT_COLOR_NAME = AccentColor;
				CODE_SIGN_IDENTITY = "Apple Development";
				CODE_SIGN_STYLE = Automatic;
				CURRENT_PROJECT_VERSION = 1;
				DEVELOPMENT_ASSET_PATHS = "\"EventHub/Preview Content\"";
				DEVELOPMENT_TEAM = D3BJGB736B;
				ENABLE_PREVIEWS = YES;
				GENERATE_INFOPLIST_FILE = YES;
				INFOPLIST_FILE = EventHub/App/Info.plist;
				INFOPLIST_KEY_UIApplicationSceneManifest_Generation = YES;
				INFOPLIST_KEY_UIApplicationSupportsIndirectInputEvents = YES;
				INFOPLIST_KEY_UISupportedInterfaceOrientations = UIInterfaceOrientationPortrait;
				INFOPLIST_KEY_UISupportedInterfaceOrientations_iPad = "UIInterfaceOrientationLandscapeLeft UIInterfaceOrientationLandscapeRight UIInterfaceOrientationPortrait UIInterfaceOrientationPortraitUpsideDown";
				IPHONEOS_DEPLOYMENT_TARGET = 15;
				LD_RUNPATH_SEARCH_PATHS = (
					"$(inherited)",
					"@executable_path/Frameworks",
				);
				MARKETING_VERSION = 1.0;
				PRODUCT_BUNDLE_IDENTIFIER = Marat.F;
				PRODUCT_NAME = "$(TARGET_NAME)";
				PROVISIONING_PROFILE_SPECIFIER = "";
				SUPPORTED_PLATFORMS = "iphoneos iphonesimulator";
				SUPPORTS_MACCATALYST = NO;
				SUPPORTS_MAC_DESIGNED_FOR_IPHONE_IPAD = NO;
				SUPPORTS_XR_DESIGNED_FOR_IPHONE_IPAD = NO;
				SWIFT_EMIT_LOC_STRINGS = YES;
				SWIFT_VERSION = 5.0;
				TARGETED_DEVICE_FAMILY = 1;
			};
			name = Debug;
		};
		222838752CE937A700DCF847 /* Release */ = {
			isa = XCBuildConfiguration;
			buildSettings = {
				ASSETCATALOG_COMPILER_APPICON_NAME = AppIcon;
				ASSETCATALOG_COMPILER_GLOBAL_ACCENT_COLOR_NAME = AccentColor;
				CODE_SIGN_IDENTITY = "Apple Development";
				CODE_SIGN_STYLE = Automatic;
				CURRENT_PROJECT_VERSION = 1;
				DEVELOPMENT_ASSET_PATHS = "\"EventHub/Preview Content\"";
				DEVELOPMENT_TEAM = D3BJGB736B;
				ENABLE_PREVIEWS = YES;
				GENERATE_INFOPLIST_FILE = YES;
				INFOPLIST_FILE = EventHub/App/Info.plist;
				INFOPLIST_KEY_UIApplicationSceneManifest_Generation = YES;
				INFOPLIST_KEY_UIApplicationSupportsIndirectInputEvents = YES;
				INFOPLIST_KEY_UISupportedInterfaceOrientations = UIInterfaceOrientationPortrait;
				INFOPLIST_KEY_UISupportedInterfaceOrientations_iPad = "UIInterfaceOrientationLandscapeLeft UIInterfaceOrientationLandscapeRight UIInterfaceOrientationPortrait UIInterfaceOrientationPortraitUpsideDown";
				IPHONEOS_DEPLOYMENT_TARGET = 15;
				LD_RUNPATH_SEARCH_PATHS = (
					"$(inherited)",
					"@executable_path/Frameworks",
				);
				MARKETING_VERSION = 1.0;
				PRODUCT_BUNDLE_IDENTIFIER = Marat.F;
				PRODUCT_NAME = "$(TARGET_NAME)";
				PROVISIONING_PROFILE_SPECIFIER = "";
				SUPPORTED_PLATFORMS = "iphoneos iphonesimulator";
				SUPPORTS_MACCATALYST = NO;
				SUPPORTS_MAC_DESIGNED_FOR_IPHONE_IPAD = NO;
				SUPPORTS_XR_DESIGNED_FOR_IPHONE_IPAD = NO;
				SWIFT_EMIT_LOC_STRINGS = YES;
				SWIFT_VERSION = 5.0;
				TARGETED_DEVICE_FAMILY = 1;
			};
			name = Release;
		};
/* End XCBuildConfiguration section */

/* Begin XCConfigurationList section */
		222838602CE937A400DCF847 /* Build configuration list for PBXProject "EventHub" */ = {
			isa = XCConfigurationList;
			buildConfigurations = (
				222838712CE937A700DCF847 /* Debug */,
				222838722CE937A700DCF847 /* Release */,
			);
			defaultConfigurationIsVisible = 0;
			defaultConfigurationName = Release;
		};
		222838732CE937A700DCF847 /* Build configuration list for PBXNativeTarget "EventHub" */ = {
			isa = XCConfigurationList;
			buildConfigurations = (
				222838742CE937A700DCF847 /* Debug */,
				222838752CE937A700DCF847 /* Release */,
			);
			defaultConfigurationIsVisible = 0;
			defaultConfigurationName = Release;
		};
/* End XCConfigurationList section */

/* Begin XCRemoteSwiftPackageReference section */
		1B7EAD0A2CEBC16C00D2AB3D /* XCRemoteSwiftPackageReference "Swinject" */ = {
			isa = XCRemoteSwiftPackageReference;
			repositoryURL = "https://github.com/Swinject/Swinject";
			requirement = {
				kind = upToNextMajorVersion;
				minimumVersion = 2.9.1;
			};
		};
		480681892CF20BFC001A2D9A /* XCRemoteSwiftPackageReference "Swinject" */ = {
			isa = XCRemoteSwiftPackageReference;
			repositoryURL = "https://github.com/Swinject/Swinject";
			requirement = {
				kind = upToNextMajorVersion;
				minimumVersion = 2.9.1;
			};
		};
		4806818C2CF20C28001A2D9A /* XCRemoteSwiftPackageReference "Kingfisher" */ = {
			isa = XCRemoteSwiftPackageReference;
			repositoryURL = "https://github.com/onevcat/Kingfisher.git";
			requirement = {
				kind = upToNextMajorVersion;
				minimumVersion = 8.1.1;
			};
		};
/* End XCRemoteSwiftPackageReference section */

/* Begin XCSwiftPackageProductDependency section */
		1B7EAD0B2CEBC16C00D2AB3D /* Swinject */ = {
			isa = XCSwiftPackageProductDependency;
			package = 1B7EAD0A2CEBC16C00D2AB3D /* XCRemoteSwiftPackageReference "Swinject" */;
			productName = Swinject;
		};
		4806818A2CF20BFC001A2D9A /* Swinject */ = {
			isa = XCSwiftPackageProductDependency;
			package = 480681892CF20BFC001A2D9A /* XCRemoteSwiftPackageReference "Swinject" */;
			productName = Swinject;
		};
		4806818D2CF20C28001A2D9A /* Kingfisher */ = {
			isa = XCSwiftPackageProductDependency;
			package = 4806818C2CF20C28001A2D9A /* XCRemoteSwiftPackageReference "Kingfisher" */;
			productName = Kingfisher;
		};
/* End XCSwiftPackageProductDependency section */
	};
	rootObject = 2228385D2CE937A400DCF847 /* Project object */;
}
