// !$*UTF8*$!
{
	archiveVersion = 1;
	classes = {
	};
	objectVersion = 56;
	objects = {

/* Begin PBXBuildFile section */
		222838692CE937A400DCF847 /* EventHubApp.swift in Sources */ = {isa = PBXBuildFile; fileRef = 222838682CE937A400DCF847 /* EventHubApp.swift */; };
		2228386B2CE937A400DCF847 /* ContentView.swift in Sources */ = {isa = PBXBuildFile; fileRef = 2228386A2CE937A400DCF847 /* ContentView.swift */; };
		2228386D2CE937A700DCF847 /* Assets.xcassets in Resources */ = {isa = PBXBuildFile; fileRef = 2228386C2CE937A700DCF847 /* Assets.xcassets */; };
		222838702CE937A700DCF847 /* Preview Assets.xcassets in Resources */ = {isa = PBXBuildFile; fileRef = 2228386F2CE937A700DCF847 /* Preview Assets.xcassets */; };
		22FA9FC22CEE2759003A99EA /* BackgroundWithEllipses.swift in Sources */ = {isa = PBXBuildFile; fileRef = 22FA9FC12CEE2759003A99EA /* BackgroundWithEllipses.swift */; };
		22FA9FC42CEF44A7003A99EA /* ThirdSmallEventCard.swift in Sources */ = {isa = PBXBuildFile; fileRef = 22FA9FC32CEF44A6003A99EA /* ThirdSmallEventCard.swift */; };
		22FA9FC62CEF4BD2003A99EA /* BlueCapsuleButtonWithArrow.swift in Sources */ = {isa = PBXBuildFile; fileRef = 22FA9FC52CEF4BD2003A99EA /* BlueCapsuleButtonWithArrow.swift */; };
		480681782CEF0EDF001A2D9A /* EventDetailsView.swift in Sources */ = {isa = PBXBuildFile; fileRef = 480681772CEF0EDF001A2D9A /* EventDetailsView.swift */; };
		4806817A2CEF1992001A2D9A /* EventDetailsViewModel.swift in Sources */ = {isa = PBXBuildFile; fileRef = 480681792CEF1992001A2D9A /* EventDetailsViewModel.swift */; };
		4806817C2CEF1F74001A2D9A /* DetailComponentView.swift in Sources */ = {isa = PBXBuildFile; fileRef = 4806817B2CEF1F74001A2D9A /* DetailComponentView.swift */; };
		4806817E2CEF23CE001A2D9A /* ActivityView.swift in Sources */ = {isa = PBXBuildFile; fileRef = 4806817D2CEF23CE001A2D9A /* ActivityView.swift */; };
		4831BA452CEB28DC00141C9A /* AirbnbCereal_W_Md.otf in Resources */ = {isa = PBXBuildFile; fileRef = 4831BA422CEB28DC00141C9A /* AirbnbCereal_W_Md.otf */; };
		4831BA462CEB28DC00141C9A /* AirbnbCereal_W_Bd.otf in Resources */ = {isa = PBXBuildFile; fileRef = 4831BA3E2CEB28DC00141C9A /* AirbnbCereal_W_Bd.otf */; };
		4831BA492CEB28DC00141C9A /* AirbnbCereal_W_Bk.otf in Resources */ = {isa = PBXBuildFile; fileRef = 4831BA3F2CEB28DC00141C9A /* AirbnbCereal_W_Bk.otf */; };
		4831BA4B2CEB2F1400141C9A /* FontManager.swift in Sources */ = {isa = PBXBuildFile; fileRef = 4831BA4A2CEB2F1400141C9A /* FontManager.swift */; };
		4831BA4E2CEB2F4B00141C9A /* View+Ex.swift in Sources */ = {isa = PBXBuildFile; fileRef = 4831BA4D2CEB2F4B00141C9A /* View+Ex.swift */; };
		4831BA512CEB2F9500141C9A /* FontModifier.swift in Sources */ = {isa = PBXBuildFile; fileRef = 4831BA502CEB2F9500141C9A /* FontModifier.swift */; };
		4831BA552CEB34D000141C9A /* AuthTextField.swift in Sources */ = {isa = PBXBuildFile; fileRef = 4831BA542CEB34D000141C9A /* AuthTextField.swift */; };
		4831BA572CEB34EA00141C9A /* SecureTextField.swift in Sources */ = {isa = PBXBuildFile; fileRef = 4831BA562CEB34EA00141C9A /* SecureTextField.swift */; };
		4831BA5D2CECBADC00141C9A /* RoundedCorner.swift in Sources */ = {isa = PBXBuildFile; fileRef = 4831BA5C2CECBADC00141C9A /* RoundedCorner.swift */; };
		4831BA692CEDBF1E00141C9A /* BlueButtonWithArrow.swift in Sources */ = {isa = PBXBuildFile; fileRef = 4831BA682CEDBF1E00141C9A /* BlueButtonWithArrow.swift */; };
		4831BA6D2CEDD4EA00141C9A /* SmallEventCard.swift in Sources */ = {isa = PBXBuildFile; fileRef = 4831BA6C2CEDD4EA00141C9A /* SmallEventCard.swift */; };
		4831BA6F2CEDD8A700141C9A /* Date+Ex.swift in Sources */ = {isa = PBXBuildFile; fileRef = 4831BA6E2CEDD8A700141C9A /* Date+Ex.swift */; };
		E1B52AD42CEE582F001AA8E0 /* EventDTO.swift in Sources */ = {isa = PBXBuildFile; fileRef = E1B52AD22CEE582F001AA8E0 /* EventDTO.swift */; };
		E1B52ADC2CEE5853001AA8E0 /* APIClient.swift in Sources */ = {isa = PBXBuildFile; fileRef = E1B52AD52CEE5853001AA8E0 /* APIClient.swift */; };
		E1B52ADD2CEE5853001AA8E0 /* APIService.swift in Sources */ = {isa = PBXBuildFile; fileRef = E1B52AD62CEE5853001AA8E0 /* APIService.swift */; };
		E1B52ADE2CEE5853001AA8E0 /* EventAPISpec.swift in Sources */ = {isa = PBXBuildFile; fileRef = E1B52AD82CEE5853001AA8E0 /* EventAPISpec.swift */; };
		E1B52ADF2CEE5853001AA8E0 /* EventAPIService.swift in Sources */ = {isa = PBXBuildFile; fileRef = E1B52AD72CEE5853001AA8E0 /* EventAPIService.swift */; };
		E1B52AE02CEE5853001AA8E0 /* NetworkError.swift in Sources */ = {isa = PBXBuildFile; fileRef = E1B52AD92CEE5853001AA8E0 /* NetworkError.swift */; };
		E1B52AEB2CEE5871001AA8E0 /* ToolBarAction.swift in Sources */ = {isa = PBXBuildFile; fileRef = E1B52AE72CEE5871001AA8E0 /* ToolBarAction.swift */; };
		E1B52AEC2CEE5871001AA8E0 /* TabBarViewModel.swift in Sources */ = {isa = PBXBuildFile; fileRef = E1B52AE42CEE5871001AA8E0 /* TabBarViewModel.swift */; };
		E1B52AED2CEE5871001AA8E0 /* TabItem.swift in Sources */ = {isa = PBXBuildFile; fileRef = E1B52AE52CEE5871001AA8E0 /* TabItem.swift */; };
		E1B52AEE2CEE5871001AA8E0 /* BackBarButtonView.swift in Sources */ = {isa = PBXBuildFile; fileRef = E1B52AE12CEE5871001AA8E0 /* BackBarButtonView.swift */; };
		E1B52AEF2CEE5871001AA8E0 /* ToolBarButtonView.swift in Sources */ = {isa = PBXBuildFile; fileRef = E1B52AEA2CEE5871001AA8E0 /* ToolBarButtonView.swift */; };
		E1B52AF02CEE5871001AA8E0 /* TabBarView.swift in Sources */ = {isa = PBXBuildFile; fileRef = E1B52AE32CEE5871001AA8E0 /* TabBarView.swift */; };
		E1B52AF12CEE5871001AA8E0 /* ToolBarView.swift in Sources */ = {isa = PBXBuildFile; fileRef = E1B52AE82CEE5871001AA8E0 /* ToolBarView.swift */; };
		E1B52AF22CEE5871001AA8E0 /* TabBarContentView.swift in Sources */ = {isa = PBXBuildFile; fileRef = E1B52AE22CEE5871001AA8E0 /* TabBarContentView.swift */; };
		E1B52AF42CEE5916001AA8E0 /* TestView.swift in Sources */ = {isa = PBXBuildFile; fileRef = E1B52AF32CEE5916001AA8E0 /* TestView.swift */; };
		E1B52AFC2CEE5930001AA8E0 /* OnboardingTabView.swift in Sources */ = {isa = PBXBuildFile; fileRef = E1B52AF82CEE5930001AA8E0 /* OnboardingTabView.swift */; };
		E1B52AFD2CEE5930001AA8E0 /* OnboardingViewModel.swift in Sources */ = {isa = PBXBuildFile; fileRef = E1B52AFA2CEE5930001AA8E0 /* OnboardingViewModel.swift */; };
		E1B52AFE2CEE5930001AA8E0 /* OnboardingItem.swift in Sources */ = {isa = PBXBuildFile; fileRef = E1B52AF62CEE5930001AA8E0 /* OnboardingItem.swift */; };
		E1B52AFF2CEE5930001AA8E0 /* OnboardingControlsView.swift in Sources */ = {isa = PBXBuildFile; fileRef = E1B52AF52CEE5930001AA8E0 /* OnboardingControlsView.swift */; };
		E1B52B002CEE5930001AA8E0 /* OnboardingPageView.swift in Sources */ = {isa = PBXBuildFile; fileRef = E1B52AF72CEE5930001AA8E0 /* OnboardingPageView.swift */; };
		E1B52B012CEE5930001AA8E0 /* OnboardingView.swift in Sources */ = {isa = PBXBuildFile; fileRef = E1B52AF92CEE5930001AA8E0 /* OnboardingView.swift */; };
/* End PBXBuildFile section */

/* Begin PBXFileReference section */
		222838652CE937A400DCF847 /* EventHub.app */ = {isa = PBXFileReference; explicitFileType = wrapper.application; includeInIndex = 0; path = EventHub.app; sourceTree = BUILT_PRODUCTS_DIR; };
		222838682CE937A400DCF847 /* EventHubApp.swift */ = {isa = PBXFileReference; lastKnownFileType = sourcecode.swift; path = EventHubApp.swift; sourceTree = "<group>"; };
		2228386A2CE937A400DCF847 /* ContentView.swift */ = {isa = PBXFileReference; lastKnownFileType = sourcecode.swift; path = ContentView.swift; sourceTree = "<group>"; };
		2228386C2CE937A700DCF847 /* Assets.xcassets */ = {isa = PBXFileReference; lastKnownFileType = folder.assetcatalog; path = Assets.xcassets; sourceTree = "<group>"; };
		2228386F2CE937A700DCF847 /* Preview Assets.xcassets */ = {isa = PBXFileReference; lastKnownFileType = folder.assetcatalog; path = "Preview Assets.xcassets"; sourceTree = "<group>"; };
		22FA9FC12CEE2759003A99EA /* BackgroundWithEllipses.swift */ = {isa = PBXFileReference; lastKnownFileType = sourcecode.swift; path = BackgroundWithEllipses.swift; sourceTree = "<group>"; };
		22FA9FC32CEF44A6003A99EA /* ThirdSmallEventCard.swift */ = {isa = PBXFileReference; lastKnownFileType = sourcecode.swift; path = ThirdSmallEventCard.swift; sourceTree = "<group>"; };
		22FA9FC52CEF4BD2003A99EA /* BlueCapsuleButtonWithArrow.swift */ = {isa = PBXFileReference; lastKnownFileType = sourcecode.swift; path = BlueCapsuleButtonWithArrow.swift; sourceTree = "<group>"; };
		480681772CEF0EDF001A2D9A /* EventDetailsView.swift */ = {isa = PBXFileReference; lastKnownFileType = sourcecode.swift; path = EventDetailsView.swift; sourceTree = "<group>"; };
		480681792CEF1992001A2D9A /* EventDetailsViewModel.swift */ = {isa = PBXFileReference; lastKnownFileType = sourcecode.swift; path = EventDetailsViewModel.swift; sourceTree = "<group>"; };
		4806817B2CEF1F74001A2D9A /* DetailComponentView.swift */ = {isa = PBXFileReference; lastKnownFileType = sourcecode.swift; path = DetailComponentView.swift; sourceTree = "<group>"; };
		4806817D2CEF23CE001A2D9A /* ActivityView.swift */ = {isa = PBXFileReference; lastKnownFileType = sourcecode.swift; path = ActivityView.swift; sourceTree = "<group>"; };
		4831BA3C2CEB1D1500141C9A /* Info.plist */ = {isa = PBXFileReference; lastKnownFileType = text.plist.xml; path = Info.plist; sourceTree = "<group>"; };
		4831BA3E2CEB28DC00141C9A /* AirbnbCereal_W_Bd.otf */ = {isa = PBXFileReference; lastKnownFileType = file; path = AirbnbCereal_W_Bd.otf; sourceTree = "<group>"; };
		4831BA3F2CEB28DC00141C9A /* AirbnbCereal_W_Bk.otf */ = {isa = PBXFileReference; lastKnownFileType = file; path = AirbnbCereal_W_Bk.otf; sourceTree = "<group>"; };
		4831BA422CEB28DC00141C9A /* AirbnbCereal_W_Md.otf */ = {isa = PBXFileReference; lastKnownFileType = file; path = AirbnbCereal_W_Md.otf; sourceTree = "<group>"; };
		4831BA4A2CEB2F1400141C9A /* FontManager.swift */ = {isa = PBXFileReference; lastKnownFileType = sourcecode.swift; path = FontManager.swift; sourceTree = "<group>"; };
		4831BA4D2CEB2F4B00141C9A /* View+Ex.swift */ = {isa = PBXFileReference; lastKnownFileType = sourcecode.swift; path = "View+Ex.swift"; sourceTree = "<group>"; };
		4831BA502CEB2F9500141C9A /* FontModifier.swift */ = {isa = PBXFileReference; lastKnownFileType = sourcecode.swift; path = FontModifier.swift; sourceTree = "<group>"; };
		4831BA542CEB34D000141C9A /* AuthTextField.swift */ = {isa = PBXFileReference; lastKnownFileType = sourcecode.swift; path = AuthTextField.swift; sourceTree = "<group>"; };
		4831BA562CEB34EA00141C9A /* SecureTextField.swift */ = {isa = PBXFileReference; lastKnownFileType = sourcecode.swift; path = SecureTextField.swift; sourceTree = "<group>"; };
		4831BA5C2CECBADC00141C9A /* RoundedCorner.swift */ = {isa = PBXFileReference; lastKnownFileType = sourcecode.swift; path = RoundedCorner.swift; sourceTree = "<group>"; };
		4831BA682CEDBF1E00141C9A /* BlueButtonWithArrow.swift */ = {isa = PBXFileReference; lastKnownFileType = sourcecode.swift; path = BlueButtonWithArrow.swift; sourceTree = "<group>"; };
		4831BA6C2CEDD4EA00141C9A /* SmallEventCard.swift */ = {isa = PBXFileReference; lastKnownFileType = sourcecode.swift; path = SmallEventCard.swift; sourceTree = "<group>"; };
		4831BA6E2CEDD8A700141C9A /* Date+Ex.swift */ = {isa = PBXFileReference; lastKnownFileType = sourcecode.swift; path = "Date+Ex.swift"; sourceTree = "<group>"; };
		E1B52AD22CEE582F001AA8E0 /* EventDTO.swift */ = {isa = PBXFileReference; lastKnownFileType = sourcecode.swift; path = EventDTO.swift; sourceTree = "<group>"; };
		E1B52AD52CEE5853001AA8E0 /* APIClient.swift */ = {isa = PBXFileReference; lastKnownFileType = sourcecode.swift; path = APIClient.swift; sourceTree = "<group>"; };
		E1B52AD62CEE5853001AA8E0 /* APIService.swift */ = {isa = PBXFileReference; lastKnownFileType = sourcecode.swift; path = APIService.swift; sourceTree = "<group>"; };
		E1B52AD72CEE5853001AA8E0 /* EventAPIService.swift */ = {isa = PBXFileReference; lastKnownFileType = sourcecode.swift; path = EventAPIService.swift; sourceTree = "<group>"; };
		E1B52AD82CEE5853001AA8E0 /* EventAPISpec.swift */ = {isa = PBXFileReference; lastKnownFileType = sourcecode.swift; path = EventAPISpec.swift; sourceTree = "<group>"; };
		E1B52AD92CEE5853001AA8E0 /* NetworkError.swift */ = {isa = PBXFileReference; lastKnownFileType = sourcecode.swift; path = NetworkError.swift; sourceTree = "<group>"; };
		E1B52AE12CEE5871001AA8E0 /* BackBarButtonView.swift */ = {isa = PBXFileReference; lastKnownFileType = sourcecode.swift; path = BackBarButtonView.swift; sourceTree = "<group>"; };
		E1B52AE22CEE5871001AA8E0 /* TabBarContentView.swift */ = {isa = PBXFileReference; lastKnownFileType = sourcecode.swift; path = TabBarContentView.swift; sourceTree = "<group>"; };
		E1B52AE32CEE5871001AA8E0 /* TabBarView.swift */ = {isa = PBXFileReference; lastKnownFileType = sourcecode.swift; path = TabBarView.swift; sourceTree = "<group>"; };
		E1B52AE42CEE5871001AA8E0 /* TabBarViewModel.swift */ = {isa = PBXFileReference; lastKnownFileType = sourcecode.swift; path = TabBarViewModel.swift; sourceTree = "<group>"; };
		E1B52AE52CEE5871001AA8E0 /* TabItem.swift */ = {isa = PBXFileReference; lastKnownFileType = sourcecode.swift; path = TabItem.swift; sourceTree = "<group>"; };
		E1B52AE72CEE5871001AA8E0 /* ToolBarAction.swift */ = {isa = PBXFileReference; lastKnownFileType = sourcecode.swift; path = ToolBarAction.swift; sourceTree = "<group>"; };
		E1B52AE82CEE5871001AA8E0 /* ToolBarView.swift */ = {isa = PBXFileReference; lastKnownFileType = sourcecode.swift; path = ToolBarView.swift; sourceTree = "<group>"; };
		E1B52AEA2CEE5871001AA8E0 /* ToolBarButtonView.swift */ = {isa = PBXFileReference; lastKnownFileType = sourcecode.swift; path = ToolBarButtonView.swift; sourceTree = "<group>"; };
		E1B52AF32CEE5916001AA8E0 /* TestView.swift */ = {isa = PBXFileReference; lastKnownFileType = sourcecode.swift; path = TestView.swift; sourceTree = "<group>"; };
		E1B52AF52CEE5930001AA8E0 /* OnboardingControlsView.swift */ = {isa = PBXFileReference; lastKnownFileType = sourcecode.swift; path = OnboardingControlsView.swift; sourceTree = "<group>"; };
		E1B52AF62CEE5930001AA8E0 /* OnboardingItem.swift */ = {isa = PBXFileReference; lastKnownFileType = sourcecode.swift; path = OnboardingItem.swift; sourceTree = "<group>"; };
		E1B52AF72CEE5930001AA8E0 /* OnboardingPageView.swift */ = {isa = PBXFileReference; lastKnownFileType = sourcecode.swift; path = OnboardingPageView.swift; sourceTree = "<group>"; };
		E1B52AF82CEE5930001AA8E0 /* OnboardingTabView.swift */ = {isa = PBXFileReference; lastKnownFileType = sourcecode.swift; path = OnboardingTabView.swift; sourceTree = "<group>"; };
		E1B52AF92CEE5930001AA8E0 /* OnboardingView.swift */ = {isa = PBXFileReference; lastKnownFileType = sourcecode.swift; path = OnboardingView.swift; sourceTree = "<group>"; };
		E1B52AFA2CEE5930001AA8E0 /* OnboardingViewModel.swift */ = {isa = PBXFileReference; lastKnownFileType = sourcecode.swift; path = OnboardingViewModel.swift; sourceTree = "<group>"; };
/* End PBXFileReference section */

/* Begin PBXFrameworksBuildPhase section */
		222838622CE937A400DCF847 /* Frameworks */ = {
			isa = PBXFrameworksBuildPhase;
			buildActionMask = 2147483647;
			files = (
			);
			runOnlyForDeploymentPostprocessing = 0;
		};
/* End PBXFrameworksBuildPhase section */

/* Begin PBXGroup section */
		2228385C2CE937A400DCF847 = {
			isa = PBXGroup;
			children = (
				222838672CE937A400DCF847 /* EventHub */,
				222838662CE937A400DCF847 /* Products */,
			);
			sourceTree = "<group>";
		};
		222838662CE937A400DCF847 /* Products */ = {
			isa = PBXGroup;
			children = (
				222838652CE937A400DCF847 /* EventHub.app */,
			);
			name = Products;
			sourceTree = "<group>";
		};
		222838672CE937A400DCF847 /* EventHub */ = {
			isa = PBXGroup;
			children = (
				E1B52AD32CEE582F001AA8E0 /* DTO */,
				4831BA522CEB2FCD00141C9A /* App */,
				4831BA592CEC980000141C9A /* Onboarding */,
				480681762CEF0EBF001A2D9A /* EventDetals */,
				4831BA532CEB2FEE00141C9A /* Screens */,
				E1B52ADB2CEE5853001AA8E0 /* Services */,
				4831BA582CEB421C00141C9A /* Components */,
				4831BA3D2CEB28C400141C9A /* Font */,
				4831BA4F2CEB2F6700141C9A /* Modifiers */,
				4831BA4C2CEB2F4000141C9A /* Extensions */,
				2228386C2CE937A700DCF847 /* Assets.xcassets */,
				2228386E2CE937A700DCF847 /* Preview Content */,
			);
			path = EventHub;
			sourceTree = "<group>";
		};
		2228386E2CE937A700DCF847 /* Preview Content */ = {
			isa = PBXGroup;
			children = (
				2228386F2CE937A700DCF847 /* Preview Assets.xcassets */,
			);
			path = "Preview Content";
			sourceTree = "<group>";
		};
		480681762CEF0EBF001A2D9A /* EventDetals */ = {
			isa = PBXGroup;
			children = (
				480681772CEF0EDF001A2D9A /* EventDetailsView.swift */,
				4806817B2CEF1F74001A2D9A /* DetailComponentView.swift */,
				480681792CEF1992001A2D9A /* EventDetailsViewModel.swift */,
			);
			path = EventDetals;
			sourceTree = "<group>";
		};
		4831BA3D2CEB28C400141C9A /* Font */ = {
			isa = PBXGroup;
			children = (
				4831BA3E2CEB28DC00141C9A /* AirbnbCereal_W_Bd.otf */,
				4831BA3F2CEB28DC00141C9A /* AirbnbCereal_W_Bk.otf */,
				4831BA422CEB28DC00141C9A /* AirbnbCereal_W_Md.otf */,
				4831BA4A2CEB2F1400141C9A /* FontManager.swift */,
			);
			path = Font;
			sourceTree = "<group>";
		};
		4831BA4C2CEB2F4000141C9A /* Extensions */ = {
			isa = PBXGroup;
			children = (
				4831BA4D2CEB2F4B00141C9A /* View+Ex.swift */,
				4831BA6E2CEDD8A700141C9A /* Date+Ex.swift */,
			);
			path = Extensions;
			sourceTree = "<group>";
		};
		4831BA4F2CEB2F6700141C9A /* Modifiers */ = {
			isa = PBXGroup;
			children = (
				4831BA502CEB2F9500141C9A /* FontModifier.swift */,
				4831BA5C2CECBADC00141C9A /* RoundedCorner.swift */,
			);
			path = Modifiers;
			sourceTree = "<group>";
		};
		4831BA522CEB2FCD00141C9A /* App */ = {
			isa = PBXGroup;
			children = (
				4831BA3C2CEB1D1500141C9A /* Info.plist */,
				222838682CE937A400DCF847 /* EventHubApp.swift */,
			);
			path = App;
			sourceTree = "<group>";
		};
		4831BA532CEB2FEE00141C9A /* Screens */ = {
			isa = PBXGroup;
			children = (
				E1B52AFB2CEE5930001AA8E0 /* Onboarding */,
				2228386A2CE937A400DCF847 /* ContentView.swift */,
				E1B52AF32CEE5916001AA8E0 /* TestView.swift */,
			);
			path = Screens;
			sourceTree = "<group>";
		};
		4831BA582CEB421C00141C9A /* Components */ = {
			isa = PBXGroup;
			children = (
				E1B52AE92CEE5871001AA8E0 /* ToolBar */,
				E1B52AE62CEE5871001AA8E0 /* TabBar */,
				E1B52AE12CEE5871001AA8E0 /* BackBarButtonView.swift */,
				E1B52AEA2CEE5871001AA8E0 /* ToolBarButtonView.swift */,
				4831BA542CEB34D000141C9A /* AuthTextField.swift */,
				4831BA562CEB34EA00141C9A /* SecureTextField.swift */,
				22FA9FC12CEE2759003A99EA /* BackgroundWithEllipses.swift */,
				4831BA682CEDBF1E00141C9A /* BlueButtonWithArrow.swift */,
				4831BA6C2CEDD4EA00141C9A /* SmallEventCard.swift */,
				22FA9FC32CEF44A6003A99EA /* ThirdSmallEventCard.swift */,
				22FA9FC52CEF4BD2003A99EA /* BlueCapsuleButtonWithArrow.swift */,
				4806817D2CEF23CE001A2D9A /* ActivityView.swift */,
			);
			path = Components;
			sourceTree = "<group>";
		};
		E1B52AD32CEE582F001AA8E0 /* DTO */ = {
			isa = PBXGroup;
			children = (
				E1B52AD22CEE582F001AA8E0 /* EventDTO.swift */,
			);
			path = DTO;
			sourceTree = "<group>";
		};
		E1B52ADA2CEE5853001AA8E0 /* NetworkService */ = {
			isa = PBXGroup;
			children = (
				E1B52AD52CEE5853001AA8E0 /* APIClient.swift */,
				E1B52AD62CEE5853001AA8E0 /* APIService.swift */,
				E1B52AD72CEE5853001AA8E0 /* EventAPIService.swift */,
				E1B52AD82CEE5853001AA8E0 /* EventAPISpec.swift */,
				E1B52AD92CEE5853001AA8E0 /* NetworkError.swift */,
			);
			path = NetworkService;
			sourceTree = "<group>";
		};
		E1B52ADB2CEE5853001AA8E0 /* Services */ = {
			isa = PBXGroup;
			children = (
				E1B52ADA2CEE5853001AA8E0 /* NetworkService */,
			);
			path = Services;
			sourceTree = "<group>";
		};
		E1B52AE62CEE5871001AA8E0 /* TabBar */ = {
			isa = PBXGroup;
			children = (
				E1B52AE22CEE5871001AA8E0 /* TabBarContentView.swift */,
				E1B52AE32CEE5871001AA8E0 /* TabBarView.swift */,
				E1B52AE42CEE5871001AA8E0 /* TabBarViewModel.swift */,
				E1B52AE52CEE5871001AA8E0 /* TabItem.swift */,
			);
			path = TabBar;
			sourceTree = "<group>";
		};
		E1B52AE92CEE5871001AA8E0 /* ToolBar */ = {
			isa = PBXGroup;
			children = (
				E1B52AE72CEE5871001AA8E0 /* ToolBarAction.swift */,
				E1B52AE82CEE5871001AA8E0 /* ToolBarView.swift */,
			);
			path = ToolBar;
			sourceTree = "<group>";
		};
		E1B52AFB2CEE5930001AA8E0 /* Onboarding */ = {
			isa = PBXGroup;
			children = (
				E1B52AF52CEE5930001AA8E0 /* OnboardingControlsView.swift */,
				E1B52AF62CEE5930001AA8E0 /* OnboardingItem.swift */,
				E1B52AF72CEE5930001AA8E0 /* OnboardingPageView.swift */,
				E1B52AF82CEE5930001AA8E0 /* OnboardingTabView.swift */,
				E1B52AF92CEE5930001AA8E0 /* OnboardingView.swift */,
				E1B52AFA2CEE5930001AA8E0 /* OnboardingViewModel.swift */,
			);
			path = Onboarding;
			sourceTree = "<group>";
		};
/* End PBXGroup section */

/* Begin PBXNativeTarget section */
		222838642CE937A400DCF847 /* EventHub */ = {
			isa = PBXNativeTarget;
			buildConfigurationList = 222838732CE937A700DCF847 /* Build configuration list for PBXNativeTarget "EventHub" */;
			buildPhases = (
				222838612CE937A400DCF847 /* Sources */,
				222838622CE937A400DCF847 /* Frameworks */,
				222838632CE937A400DCF847 /* Resources */,
			);
			buildRules = (
			);
			dependencies = (
			);
			name = EventHub;
			productName = EventHub;
			productReference = 222838652CE937A400DCF847 /* EventHub.app */;
			productType = "com.apple.product-type.application";
		};
/* End PBXNativeTarget section */

/* Begin PBXProject section */
		2228385D2CE937A400DCF847 /* Project object */ = {
			isa = PBXProject;
			attributes = {
				BuildIndependentTargetsInParallel = 1;
				LastSwiftUpdateCheck = 1540;
				LastUpgradeCheck = 1540;
				TargetAttributes = {
					222838642CE937A400DCF847 = {
						CreatedOnToolsVersion = 15.4;
					};
				};
			};
			buildConfigurationList = 222838602CE937A400DCF847 /* Build configuration list for PBXProject "EventHub" */;
			compatibilityVersion = "Xcode 14.0";
			developmentRegion = en;
			hasScannedForEncodings = 0;
			knownRegions = (
				en,
				Base,
			);
			mainGroup = 2228385C2CE937A400DCF847;
			productRefGroup = 222838662CE937A400DCF847 /* Products */;
			projectDirPath = "";
			projectRoot = "";
			targets = (
				222838642CE937A400DCF847 /* EventHub */,
			);
		};
/* End PBXProject section */

/* Begin PBXResourcesBuildPhase section */
		222838632CE937A400DCF847 /* Resources */ = {
			isa = PBXResourcesBuildPhase;
			buildActionMask = 2147483647;
			files = (
				4831BA452CEB28DC00141C9A /* AirbnbCereal_W_Md.otf in Resources */,
				4831BA462CEB28DC00141C9A /* AirbnbCereal_W_Bd.otf in Resources */,
				4831BA492CEB28DC00141C9A /* AirbnbCereal_W_Bk.otf in Resources */,
				222838702CE937A700DCF847 /* Preview Assets.xcassets in Resources */,
				2228386D2CE937A700DCF847 /* Assets.xcassets in Resources */,
			);
			runOnlyForDeploymentPostprocessing = 0;
		};
/* End PBXResourcesBuildPhase section */

/* Begin PBXSourcesBuildPhase section */
		222838612CE937A400DCF847 /* Sources */ = {
			isa = PBXSourcesBuildPhase;
			buildActionMask = 2147483647;
			files = (
				4831BA572CEB34EA00141C9A /* SecureTextField.swift in Sources */,
				E1B52AD42CEE582F001AA8E0 /* EventDTO.swift in Sources */,
				4831BA672CECBF3A00141C9A /* OnboardingControlsView.swift in Sources */,
				22FA9FC62CEF4BD2003A99EA /* BlueCapsuleButtonWithArrow.swift in Sources */,
				4831BA552CEB34D000141C9A /* AuthTextField.swift in Sources */,
				22FA9FC22CEE2759003A99EA /* BackgroundWithEllipses.swift in Sources */,
				2228386B2CE937A400DCF847 /* ContentView.swift in Sources */,
				4831BA5D2CECBADC00141C9A /* RoundedCorner.swift in Sources */,
				E1B52ADC2CEE5853001AA8E0 /* APIClient.swift in Sources */,
				E1B52ADD2CEE5853001AA8E0 /* APIService.swift in Sources */,
				E1B52ADE2CEE5853001AA8E0 /* EventAPISpec.swift in Sources */,
				E1B52ADF2CEE5853001AA8E0 /* EventAPIService.swift in Sources */,
				E1B52AE02CEE5853001AA8E0 /* NetworkError.swift in Sources */,
				4831BA4B2CEB2F1400141C9A /* FontManager.swift in Sources */,
				4831BA512CEB2F9500141C9A /* FontModifier.swift in Sources */,
				4831BA6D2CEDD4EA00141C9A /* SmallEventCard.swift in Sources */,
				E1B52AEB2CEE5871001AA8E0 /* ToolBarAction.swift in Sources */,
				E1B52AEC2CEE5871001AA8E0 /* TabBarViewModel.swift in Sources */,
				E1B52AED2CEE5871001AA8E0 /* TabItem.swift in Sources */,
				E1B52AEE2CEE5871001AA8E0 /* BackBarButtonView.swift in Sources */,
				E1B52AEF2CEE5871001AA8E0 /* ToolBarButtonView.swift in Sources */,
				E1B52AF42CEE5916001AA8E0 /* TestView.swift in Sources */,
				E1B52AF02CEE5871001AA8E0 /* TabBarView.swift in Sources */,
				E1B52AF12CEE5871001AA8E0 /* ToolBarView.swift in Sources */,
				E1B52AFC2CEE5930001AA8E0 /* OnboardingTabView.swift in Sources */,
				E1B52AFD2CEE5930001AA8E0 /* OnboardingViewModel.swift in Sources */,
				E1B52AFE2CEE5930001AA8E0 /* OnboardingItem.swift in Sources */,
				E1B52AFF2CEE5930001AA8E0 /* OnboardingControlsView.swift in Sources */,
				E1B52B002CEE5930001AA8E0 /* OnboardingPageView.swift in Sources */,
				E1B52B012CEE5930001AA8E0 /* OnboardingView.swift in Sources */,
				E1B52AF22CEE5871001AA8E0 /* TabBarContentView.swift in Sources */,
				4831BA692CEDBF1E00141C9A /* BlueButtonWithArrow.swift in Sources */,
				4806817E2CEF23CE001A2D9A /* ActivityView.swift in Sources */,
				4806817C2CEF1F74001A2D9A /* DetailComponentView.swift in Sources */,
				4831BA5F2CECBB1800141C9A /* OnboardingItem.swift in Sources */,
				4831BA5B2CEC981A00141C9A /* OnboardingView.swift in Sources */,
				22FA9FC42CEF44A7003A99EA /* ThirdSmallEventCard.swift in Sources */,
				4831BA692CEDBF1E00141C9A /* BlueButtonWithArrow.swift in Sources */,
				4806817A2CEF1992001A2D9A /* EventDetailsViewModel.swift in Sources */,
				480681782CEF0EDF001A2D9A /* EventDetailsView.swift in Sources */,
				4831BA612CECBBF600141C9A /* OnboardingViewModel.swift in Sources */,
				222838692CE937A400DCF847 /* EventHubApp.swift in Sources */,
				4831BA6F2CEDD8A700141C9A /* Date+Ex.swift in Sources */,
				4831BA4E2CEB2F4B00141C9A /* View+Ex.swift in Sources */,
			);
			runOnlyForDeploymentPostprocessing = 0;
		};
/* End PBXSourcesBuildPhase section */

/* Begin XCBuildConfiguration section */
		222838712CE937A700DCF847 /* Debug */ = {
			isa = XCBuildConfiguration;
			buildSettings = {
				ALWAYS_SEARCH_USER_PATHS = NO;
				ASSETCATALOG_COMPILER_GENERATE_SWIFT_ASSET_SYMBOL_EXTENSIONS = YES;
				CLANG_ANALYZER_NONNULL = YES;
				CLANG_ANALYZER_NUMBER_OBJECT_CONVERSION = YES_AGGRESSIVE;
				CLANG_CXX_LANGUAGE_STANDARD = "gnu++20";
				CLANG_ENABLE_MODULES = YES;
				CLANG_ENABLE_OBJC_ARC = YES;
				CLANG_ENABLE_OBJC_WEAK = YES;
				CLANG_WARN_BLOCK_CAPTURE_AUTORELEASING = YES;
				CLANG_WARN_BOOL_CONVERSION = YES;
				CLANG_WARN_COMMA = YES;
				CLANG_WARN_CONSTANT_CONVERSION = YES;
				CLANG_WARN_DEPRECATED_OBJC_IMPLEMENTATIONS = YES;
				CLANG_WARN_DIRECT_OBJC_ISA_USAGE = YES_ERROR;
				CLANG_WARN_DOCUMENTATION_COMMENTS = YES;
				CLANG_WARN_EMPTY_BODY = YES;
				CLANG_WARN_ENUM_CONVERSION = YES;
				CLANG_WARN_INFINITE_RECURSION = YES;
				CLANG_WARN_INT_CONVERSION = YES;
				CLANG_WARN_NON_LITERAL_NULL_CONVERSION = YES;
				CLANG_WARN_OBJC_IMPLICIT_RETAIN_SELF = YES;
				CLANG_WARN_OBJC_LITERAL_CONVERSION = YES;
				CLANG_WARN_OBJC_ROOT_CLASS = YES_ERROR;
				CLANG_WARN_QUOTED_INCLUDE_IN_FRAMEWORK_HEADER = YES;
				CLANG_WARN_RANGE_LOOP_ANALYSIS = YES;
				CLANG_WARN_STRICT_PROTOTYPES = YES;
				CLANG_WARN_SUSPICIOUS_MOVE = YES;
				CLANG_WARN_UNGUARDED_AVAILABILITY = YES_AGGRESSIVE;
				CLANG_WARN_UNREACHABLE_CODE = YES;
				CLANG_WARN__DUPLICATE_METHOD_MATCH = YES;
				COPY_PHASE_STRIP = NO;
				DEBUG_INFORMATION_FORMAT = dwarf;
				ENABLE_STRICT_OBJC_MSGSEND = YES;
				ENABLE_TESTABILITY = YES;
				ENABLE_USER_SCRIPT_SANDBOXING = YES;
				GCC_C_LANGUAGE_STANDARD = gnu17;
				GCC_DYNAMIC_NO_PIC = NO;
				GCC_NO_COMMON_BLOCKS = YES;
				GCC_OPTIMIZATION_LEVEL = 0;
				GCC_PREPROCESSOR_DEFINITIONS = (
					"DEBUG=1",
					"$(inherited)",
				);
				GCC_WARN_64_TO_32_BIT_CONVERSION = YES;
				GCC_WARN_ABOUT_RETURN_TYPE = YES_ERROR;
				GCC_WARN_UNDECLARED_SELECTOR = YES;
				GCC_WARN_UNINITIALIZED_AUTOS = YES_AGGRESSIVE;
				GCC_WARN_UNUSED_FUNCTION = YES;
				GCC_WARN_UNUSED_VARIABLE = YES;
				IPHONEOS_DEPLOYMENT_TARGET = 17.5;
				LOCALIZATION_PREFERS_STRING_CATALOGS = YES;
				MTL_ENABLE_DEBUG_INFO = INCLUDE_SOURCE;
				MTL_FAST_MATH = YES;
				ONLY_ACTIVE_ARCH = YES;
				SDKROOT = iphoneos;
				SWIFT_ACTIVE_COMPILATION_CONDITIONS = "DEBUG $(inherited)";
				SWIFT_OPTIMIZATION_LEVEL = "-Onone";
			};
			name = Debug;
		};
		222838722CE937A700DCF847 /* Release */ = {
			isa = XCBuildConfiguration;
			buildSettings = {
				ALWAYS_SEARCH_USER_PATHS = NO;
				ASSETCATALOG_COMPILER_GENERATE_SWIFT_ASSET_SYMBOL_EXTENSIONS = YES;
				CLANG_ANALYZER_NONNULL = YES;
				CLANG_ANALYZER_NUMBER_OBJECT_CONVERSION = YES_AGGRESSIVE;
				CLANG_CXX_LANGUAGE_STANDARD = "gnu++20";
				CLANG_ENABLE_MODULES = YES;
				CLANG_ENABLE_OBJC_ARC = YES;
				CLANG_ENABLE_OBJC_WEAK = YES;
				CLANG_WARN_BLOCK_CAPTURE_AUTORELEASING = YES;
				CLANG_WARN_BOOL_CONVERSION = YES;
				CLANG_WARN_COMMA = YES;
				CLANG_WARN_CONSTANT_CONVERSION = YES;
				CLANG_WARN_DEPRECATED_OBJC_IMPLEMENTATIONS = YES;
				CLANG_WARN_DIRECT_OBJC_ISA_USAGE = YES_ERROR;
				CLANG_WARN_DOCUMENTATION_COMMENTS = YES;
				CLANG_WARN_EMPTY_BODY = YES;
				CLANG_WARN_ENUM_CONVERSION = YES;
				CLANG_WARN_INFINITE_RECURSION = YES;
				CLANG_WARN_INT_CONVERSION = YES;
				CLANG_WARN_NON_LITERAL_NULL_CONVERSION = YES;
				CLANG_WARN_OBJC_IMPLICIT_RETAIN_SELF = YES;
				CLANG_WARN_OBJC_LITERAL_CONVERSION = YES;
				CLANG_WARN_OBJC_ROOT_CLASS = YES_ERROR;
				CLANG_WARN_QUOTED_INCLUDE_IN_FRAMEWORK_HEADER = YES;
				CLANG_WARN_RANGE_LOOP_ANALYSIS = YES;
				CLANG_WARN_STRICT_PROTOTYPES = YES;
				CLANG_WARN_SUSPICIOUS_MOVE = YES;
				CLANG_WARN_UNGUARDED_AVAILABILITY = YES_AGGRESSIVE;
				CLANG_WARN_UNREACHABLE_CODE = YES;
				CLANG_WARN__DUPLICATE_METHOD_MATCH = YES;
				COPY_PHASE_STRIP = NO;
				DEBUG_INFORMATION_FORMAT = "dwarf-with-dsym";
				ENABLE_NS_ASSERTIONS = NO;
				ENABLE_STRICT_OBJC_MSGSEND = YES;
				ENABLE_USER_SCRIPT_SANDBOXING = YES;
				GCC_C_LANGUAGE_STANDARD = gnu17;
				GCC_NO_COMMON_BLOCKS = YES;
				GCC_WARN_64_TO_32_BIT_CONVERSION = YES;
				GCC_WARN_ABOUT_RETURN_TYPE = YES_ERROR;
				GCC_WARN_UNDECLARED_SELECTOR = YES;
				GCC_WARN_UNINITIALIZED_AUTOS = YES_AGGRESSIVE;
				GCC_WARN_UNUSED_FUNCTION = YES;
				GCC_WARN_UNUSED_VARIABLE = YES;
				IPHONEOS_DEPLOYMENT_TARGET = 17.5;
				LOCALIZATION_PREFERS_STRING_CATALOGS = YES;
				MTL_ENABLE_DEBUG_INFO = NO;
				MTL_FAST_MATH = YES;
				SDKROOT = iphoneos;
				SWIFT_COMPILATION_MODE = wholemodule;
				VALIDATE_PRODUCT = YES;
			};
			name = Release;
		};
		222838742CE937A700DCF847 /* Debug */ = {
			isa = XCBuildConfiguration;
			buildSettings = {
				ASSETCATALOG_COMPILER_APPICON_NAME = AppIcon;
				ASSETCATALOG_COMPILER_GLOBAL_ACCENT_COLOR_NAME = AccentColor;
				CODE_SIGN_STYLE = Automatic;
				CURRENT_PROJECT_VERSION = 1;
				DEVELOPMENT_ASSET_PATHS = "\"EventHub/Preview Content\"";
				DEVELOPMENT_TEAM = 689Q9C7S84;
				ENABLE_PREVIEWS = YES;
				GENERATE_INFOPLIST_FILE = YES;
				INFOPLIST_FILE = EventHub/App/Info.plist;
				INFOPLIST_KEY_UIApplicationSceneManifest_Generation = YES;
				INFOPLIST_KEY_UIApplicationSupportsIndirectInputEvents = YES;
				INFOPLIST_KEY_UISupportedInterfaceOrientations = UIInterfaceOrientationPortrait;
				INFOPLIST_KEY_UISupportedInterfaceOrientations_iPad = "UIInterfaceOrientationLandscapeLeft UIInterfaceOrientationLandscapeRight UIInterfaceOrientationPortrait UIInterfaceOrientationPortraitUpsideDown";
				IPHONEOS_DEPLOYMENT_TARGET = 15.6;
				LD_RUNPATH_SEARCH_PATHS = (
					"$(inherited)",
					"@executable_path/Frameworks",
				);
				MARKETING_VERSION = 1.0;
				PRODUCT_BUNDLE_IDENTIFIER = gdr.EventHub;
				PRODUCT_NAME = "$(TARGET_NAME)";
				SUPPORTED_PLATFORMS = "iphoneos iphonesimulator";
				SUPPORTS_MACCATALYST = NO;
				SUPPORTS_MAC_DESIGNED_FOR_IPHONE_IPAD = NO;
				SUPPORTS_XR_DESIGNED_FOR_IPHONE_IPAD = NO;
				SWIFT_EMIT_LOC_STRINGS = YES;
				SWIFT_VERSION = 5.0;
				TARGETED_DEVICE_FAMILY = 1;
			};
			name = Debug;
		};
		222838752CE937A700DCF847 /* Release */ = {
			isa = XCBuildConfiguration;
			buildSettings = {
				ASSETCATALOG_COMPILER_APPICON_NAME = AppIcon;
				ASSETCATALOG_COMPILER_GLOBAL_ACCENT_COLOR_NAME = AccentColor;
				CODE_SIGN_STYLE = Automatic;
				CURRENT_PROJECT_VERSION = 1;
				DEVELOPMENT_ASSET_PATHS = "\"EventHub/Preview Content\"";
				DEVELOPMENT_TEAM = 689Q9C7S84;
				ENABLE_PREVIEWS = YES;
				GENERATE_INFOPLIST_FILE = YES;
				INFOPLIST_FILE = EventHub/App/Info.plist;
				INFOPLIST_KEY_UIApplicationSceneManifest_Generation = YES;
				INFOPLIST_KEY_UIApplicationSupportsIndirectInputEvents = YES;
				INFOPLIST_KEY_UISupportedInterfaceOrientations = UIInterfaceOrientationPortrait;
				INFOPLIST_KEY_UISupportedInterfaceOrientations_iPad = "UIInterfaceOrientationLandscapeLeft UIInterfaceOrientationLandscapeRight UIInterfaceOrientationPortrait UIInterfaceOrientationPortraitUpsideDown";
				IPHONEOS_DEPLOYMENT_TARGET = 15.6;
				LD_RUNPATH_SEARCH_PATHS = (
					"$(inherited)",
					"@executable_path/Frameworks",
				);
				MARKETING_VERSION = 1.0;
				PRODUCT_BUNDLE_IDENTIFIER = gdr.EventHub;
				PRODUCT_NAME = "$(TARGET_NAME)";
				SUPPORTED_PLATFORMS = "iphoneos iphonesimulator";
				SUPPORTS_MACCATALYST = NO;
				SUPPORTS_MAC_DESIGNED_FOR_IPHONE_IPAD = NO;
				SUPPORTS_XR_DESIGNED_FOR_IPHONE_IPAD = NO;
				SWIFT_EMIT_LOC_STRINGS = YES;
				SWIFT_VERSION = 5.0;
				TARGETED_DEVICE_FAMILY = 1;
			};
			name = Release;
		};
/* End XCBuildConfiguration section */

/* Begin XCConfigurationList section */
		222838602CE937A400DCF847 /* Build configuration list for PBXProject "EventHub" */ = {
			isa = XCConfigurationList;
			buildConfigurations = (
				222838712CE937A700DCF847 /* Debug */,
				222838722CE937A700DCF847 /* Release */,
			);
			defaultConfigurationIsVisible = 0;
			defaultConfigurationName = Release;
		};
		222838732CE937A700DCF847 /* Build configuration list for PBXNativeTarget "EventHub" */ = {
			isa = XCConfigurationList;
			buildConfigurations = (
				222838742CE937A700DCF847 /* Debug */,
				222838752CE937A700DCF847 /* Release */,
			);
			defaultConfigurationIsVisible = 0;
			defaultConfigurationName = Release;
		};
/* End XCConfigurationList section */
	};
	rootObject = 2228385D2CE937A400DCF847 /* Project object */;
}
